<?xml version="1.0" encoding="utf-8"?>
<Project ToolsVersion="4.0" xmlns="http://schemas.microsoft.com/developer/msbuild/2003">
  <ItemGroup>
    <Filter Include="Source Files">
      <UniqueIdentifier>{4FC737F1-C7A5-4376-A066-2A32D752A2FF}</UniqueIdentifier>
      <Extensions>cpp;c;cc;cxx;c++;cppm;ixx;def;odl;idl;hpj;bat;asm;asmx</Extensions>
    </Filter>
    <Filter Include="Header Files">
      <UniqueIdentifier>{93995380-89BD-4b04-88EB-625FBE52EBFB}</UniqueIdentifier>
      <Extensions>h;hh;hpp;hxx;h++;hm;inl;inc;ipp;xsd</Extensions>
    </Filter>
    <Filter Include="Resource Files">
      <UniqueIdentifier>{67DA6AB6-F800-4c08-8B7A-83BB121AAD01}</UniqueIdentifier>
      <Extensions>rc;ico;cur;bmp;dlg;rc2;rct;bin;rgs;gif;jpg;jpeg;jpe;resx;tiff;tif;png;wav;mfcribbon-ms</Extensions>
    </Filter>
    <Filter Include="Resource Files\Assets">
      <UniqueIdentifier>{3fe81c49-611c-4292-9ba9-486baeaae565}</UniqueIdentifier>
    </Filter>
    <Filter Include="Resource Files\Assets\Urban_RPG_Pack">
      <UniqueIdentifier>{ce4eb6d1-575b-407c-a83f-41153081e919}</UniqueIdentifier>
    </Filter>
    <Filter Include="Header Files\Engine">
      <UniqueIdentifier>{ef4e20b9-b33d-4ef9-9dfc-91521ef3ff12}</UniqueIdentifier>
    </Filter>
    <Filter Include="Header Files\Game">
      <UniqueIdentifier>{730b6dd8-75d8-4e2c-96a9-a6193b01176a}</UniqueIdentifier>
    </Filter>
    <Filter Include="Header Files\Engine\Modules">
      <UniqueIdentifier>{15b42a75-970e-4c5f-b3c5-6d552fe58948}</UniqueIdentifier>
    </Filter>
    <Filter Include="Header Files\Engine\Modules\Render">
      <UniqueIdentifier>{cbb6dc95-eec5-40da-8458-cb5526408454}</UniqueIdentifier>
    </Filter>
    <Filter Include="Header Files\Engine\ECS">
      <UniqueIdentifier>{b942bb3c-50d2-4565-8065-f402fe5bd047}</UniqueIdentifier>
    </Filter>
    <Filter Include="Header Files\Engine\ECS\Entities">
      <UniqueIdentifier>{17421de1-c844-44c3-8a0f-10808a35e932}</UniqueIdentifier>
    </Filter>
    <Filter Include="Header Files\Engine\ECS\Components">
      <UniqueIdentifier>{be73feff-5a99-4e9d-889b-b74603cf9c54}</UniqueIdentifier>
    </Filter>
    <Filter Include="Header Files\Engine\ECS\Systems">
      <UniqueIdentifier>{5bf5673d-4487-44a2-a125-3f8b8ee4223e}</UniqueIdentifier>
    </Filter>
  </ItemGroup>
  <ItemGroup>
    <ClCompile Include="Source Files\Engine\ECS\Entities\EntityManager.cpp">
      <Filter>Source Files</Filter>
    </ClCompile>
    <ClCompile Include="Source Files\Engine\Core\Time\Timer.cpp">
      <Filter>Source Files</Filter>
    </ClCompile>
    <ClCompile Include="Source Files\Engine\Core\Time\FixedStepAccumulator.cpp">
      <Filter>Source Files</Filter>
    </ClCompile>
    <ClCompile Include="Source Files\Engine\ECS\Systems\PhysicsSystem2D.cpp">
      <Filter>Source Files</Filter>
    </ClCompile>
    <ClCompile Include="Source Files\Engine\Modules\Render\Renderer.cpp">
      <Filter>Source Files</Filter>
    </ClCompile>
    <ClCompile Include="Source Files\Engine\Modules\Render\RenderParser.cpp">
      <Filter>Source Files</Filter>
    </ClCompile>
    <ClCompile Include="Source Files\Game\Maps\TileMap.cpp">
      <Filter>Source Files</Filter>
    </ClCompile>
    <ClCompile Include="Source Files\Engine\Core\Utils\StringUtils.cpp">
      <Filter>Source Files</Filter>
    </ClCompile>
    <ClCompile Include="Source Files\Engine\Core\Utils\FileLoader.cpp">
      <Filter>Source Files</Filter>
    </ClCompile>
    <ClCompile Include="Source Files\Engine\Modules\Input\InputManager.cpp">
      <Filter>Source Files</Filter>
    </ClCompile>
    <ClCompile Include="Source Files\Engine\Modules\Input\InputParser.cpp">
      <Filter>Source Files</Filter>
    </ClCompile>
    <ClCompile Include="Source Files\Engine\Modules\Event\EventHandler.cpp">
      <Filter>Source Files</Filter>
    </ClCompile>
    <ClCompile Include="Source Files\Engine\Modules\Event\InputEvent.cpp">
      <Filter>Source Files</Filter>
    </ClCompile>
    <ClCompile Include="Source Files\Engine\Core\Utils\PerformanceTracker.cpp">
      <Filter>Source Files</Filter>
    </ClCompile>
    <ClCompile Include="Source Files\Engine\Core\Utils\MemoryTracker.cpp">
      <Filter>Source Files</Filter>
    </ClCompile>
    <ClCompile Include="Source Files\Engine\Modules\Render\AnimationHelper.cpp">
      <Filter>Source Files</Filter>
    </ClCompile>
    <ClCompile Include="Source Files\Game\main.cpp">
      <Filter>Source Files</Filter>
    </ClCompile>
    <ClCompile Include="Source Files\Engine\ECS\Systems\RenderSystem2D.cpp">
      <Filter>Source Files</Filter>
    </ClCompile>
    <ClCompile Include="Source Files\Engine\Modules\Input\InputKeys.cpp">
      <Filter>Source Files</Filter>
    </ClCompile>
    <ClCompile Include="Source Files\Engine\Modules\Being\BeingParser.cpp">
      <Filter>Source Files</Filter>
    </ClCompile>
    <ClCompile Include="Source Files\Engine\Core\Utils\ConfigParser.cpp">
      <Filter>Source Files</Filter>
    </ClCompile>
    <ClCompile Include="Header Files\Engine\ECS\Components\AI\FSMComponent.h">
      <Filter>Source Files</Filter>
    </ClCompile>
    <ClCompile Include="Source Files\Engine\ECS\Systems\FSMSystem.cpp">
      <Filter>Source Files</Filter>
    </ClCompile>
    <ClCompile Include="Source Files\Engine\Application\Application.cpp">
      <Filter>Source Files</Filter>
    </ClCompile>
    <ClCompile Include="Source Files\Engine\ECS\Systems\SpawnsSystem.cpp">
      <Filter>Source Files</Filter>
    </ClCompile>
    <ClCompile Include="Source Files\Engine\Modules\Dialog\DialogParser.cpp">
      <Filter>Source Files</Filter>
    </ClCompile>
    <ClCompile Include="Source Files\Engine\Modules\Render\UIHelper.cpp">
      <Filter>Source Files</Filter>
    </ClCompile>
    <ClCompile Include="Header Files\Game\ECS\Components\CombatComponents.h">
      <Filter>Source Files</Filter>
    </ClCompile>
    <ClCompile Include="Source Files\Engine\Modules\Stat\StatParser.cpp">
      <Filter>Source Files</Filter>
    </ClCompile>
    <ClCompile Include="Source Files\Game\Modules\Combat\CombatParser.cpp">
      <Filter>Source Files</Filter>
    </ClCompile>
    <ClCompile Include="Source Files\Engine\Modules\Physics\PhysicsUtils.cpp">
      <Filter>Source Files</Filter>
    </ClCompile>
  </ItemGroup>
  <ItemGroup>
    <ClInclude Include="Header Files\Engine\Core\Math\Vector2D.h">
      <Filter>Header Files</Filter>
    </ClInclude>
    <ClInclude Include="Header Files\Engine\ECS\Entities\EntityManager.h">
      <Filter>Header Files</Filter>
    </ClInclude>
    <ClInclude Include="Header Files\Engine\ECS\Components\Physics\TransformComponent.h">
      <Filter>Header Files</Filter>
    </ClInclude>
    <ClInclude Include="Header Files\Engine\ECS\Components\Physics\PhysicsComponent.h">
      <Filter>Header Files</Filter>
    </ClInclude>
    <ClInclude Include="Header Files\Engine\Core\Time\Timer.h">
      <Filter>Header Files</Filter>
    </ClInclude>
    <ClInclude Include="Header Files\Engine\Core\Time\FixedStepAccumulator.h">
      <Filter>Header Files</Filter>
    </ClInclude>
    <ClInclude Include="Header Files\Engine\Core\Geometry\Collider.h">
      <Filter>Header Files</Filter>
    </ClInclude>
    <ClInclude Include="Header Files\Engine\ECS\Systems\PhysicsSystem2D.h">
      <Filter>Header Files</Filter>
    </ClInclude>
    <ClInclude Include="Header Files\Engine\ECS\Components\Render\RenderComponent.h">
      <Filter>Header Files</Filter>
    </ClInclude>
    <ClInclude Include="Header Files\Engine\ECS\Systems\RenderSystem2D.h">
      <Filter>Header Files</Filter>
    </ClInclude>
    <ClInclude Include="Header Files\Engine\Modules\Render\RenderParser.h">
      <Filter>Header Files</Filter>
    </ClInclude>
    <ClInclude Include="Header Files\Game\Maps\TileMap.h">
      <Filter>Header Files</Filter>
    </ClInclude>
    <ClInclude Include="Header Files\Engine\Core\Utils\StringUtils.h">
      <Filter>Header Files</Filter>
    </ClInclude>
    <ClInclude Include="Header Files\Engine\Core\Utils\FileLoader.h">
      <Filter>Header Files</Filter>
    </ClInclude>
    <ClInclude Include="Header Files\Engine\Modules\Input\InputKeys.h">
      <Filter>Header Files</Filter>
    </ClInclude>
    <ClInclude Include="Header Files\Engine\Modules\Input\InputParser.h">
      <Filter>Header Files</Filter>
    </ClInclude>
    <ClInclude Include="Header Files\Engine\Modules\Input\InputManager.h">
      <Filter>Header Files</Filter>
    </ClInclude>
    <ClInclude Include="Header Files\Engine\Modules\Event\EventHandler.h">
      <Filter>Header Files</Filter>
    </ClInclude>
    <ClInclude Include="Header Files\Engine\Modules\Event\InputEvent.h">
      <Filter>Header Files</Filter>
    </ClInclude>
    <ClInclude Include="Header Files\Engine\Core\Utils\PerformanceTracker.h">
      <Filter>Header Files</Filter>
    </ClInclude>
    <ClInclude Include="Header Files\Engine\Core\Utils\MemoryTracker.h">
      <Filter>Header Files</Filter>
    </ClInclude>
    <ClInclude Include="Header Files\Engine\Modules\Render\AnimationHelper.h">
      <Filter>Header Files</Filter>
    </ClInclude>
    <ClInclude Include="Header Files\Engine\Modules\Render\MotionTypes.h">
      <Filter>Header Files</Filter>
    </ClInclude>
    <ClInclude Include="Header Files\Engine\Modules\Render\Renderer.h">
      <Filter>Header Files</Filter>
    </ClInclude>
    <ClInclude Include="Header Files\Engine\Modules\Being\BeingParser.h">
      <Filter>Header Files</Filter>
    </ClInclude>
    <ClInclude Include="Header Files\Engine\Core\Utils\ConfigParser.h">
      <Filter>Header Files</Filter>
    </ClInclude>
    <ClInclude Include="..\..\..\..\Users\USER\Downloads\json.hpp">
      <Filter>Header Files</Filter>
    </ClInclude>
    <ClInclude Include="Header Files\Engine\Core\Utils\json.hpp">
      <Filter>Header Files</Filter>
    </ClInclude>
    <ClInclude Include="Header Files\Engine\ECS\Systems\FSMSystem.h">
      <Filter>Header Files</Filter>
    </ClInclude>
    <ClInclude Include="Header Files\Engine\Application\Application.h">
      <Filter>Header Files</Filter>
    </ClInclude>
    <ClInclude Include="Header Files\Engine\ECS\Systems\SpawnsSystem.h">
      <Filter>Header Files</Filter>
    </ClInclude>
    <ClInclude Include="Header Files\Engine\Modules\Dialog\DialogData.h">
      <Filter>Header Files</Filter>
    </ClInclude>
    <ClInclude Include="Header Files\Engine\Modules\Dialog\DialogParser.h">
      <Filter>Header Files</Filter>
    </ClInclude>
    <ClInclude Include="Header Files\Engine\Modules\Dialog\DialogStatus.h">
      <Filter>Header Files</Filter>
    </ClInclude>
    <ClInclude Include="Header Files\Engine\Modules\Render\UIHelper.h">
      <Filter>Header Files</Filter>
    </ClInclude>
    <ClInclude Include="Header Files\Engine\Modules\UI\UIUtils.h">
      <Filter>Header Files</Filter>
    </ClInclude>
    <ClInclude Include="Header Files\Engine\Modules\Being\BeingFactory.h">
      <Filter>Header Files</Filter>
    </ClInclude>
    <ClInclude Include="Header Files\Engine\Modules\Render\AnimationUpdater.h">
      <Filter>Header Files</Filter>
    </ClInclude>
    <ClInclude Include="Header Files\Engine\Modules\UI\Menu.h">
      <Filter>Header Files</Filter>
    </ClInclude>
    <ClInclude Include="Header Files\Engine\ECS\Components\Stat\StatComponents.h">
      <Filter>Header Files</Filter>
    </ClInclude>
    <ClInclude Include="Header Files\Game\Modules\Combat\CombatParser.h">
      <Filter>Header Files</Filter>
    </ClInclude>
    <ClInclude Include="Header Files\Engine\Modules\Stat\StatParser.h">
      <Filter>Header Files</Filter>
    </ClInclude>
    <ClInclude Include="Header Files\Engine\Modules\Physics\PhysicsUtils.h">
      <Filter>Header Files</Filter>
    </ClInclude>
  </ItemGroup>
  <ItemGroup>
    <None Include="Resource Files\Assets\Urban_RPG_Pack\map.csv">
      <Filter>Resource Files\Assets\Urban_RPG_Pack</Filter>
    </None>
    <None Include="Resource Files\Config\input_map.ini">
      <Filter>Source Files</Filter>
    </None>
    <None Include="Resource Files\Config\engine_config.ini" />
    <None Include="Resource Files\Being\being_table.tsv" />
    <None Include="..\..\..\Tiled_project\oldman_sprite.csv" />
    <None Include="..\..\..\Tiled_project\player_sprite.csv" />
    <None Include="..\..\..\Tiled_project\test_map.csv" />
    <None Include="Resource Files\Being\dialog_table.tsv" />
    <None Include="Resource Files\Config\gameplay_vars.ini" />
    <None Include="Resource Files\Config\asset_paths.ini" />
    <None Include="Resource Files\Menu\menu_table.tsv" />
    <None Include="Resource Files\Quest\quest_table.tsv" />
    <None Include="Resource Files\Config\directory_config.ini" />
    <None Include="Resource Files\Config\asset_manifest.tsv" />
    <None Include="Resource Files\Config\ui_config.ini" />
    <None Include="Resource Files\Being\being_config.ini" />
    <None Include="Resource Files\Being\Stat\base_stat_table.tsv" />
    <None Include="Resource Files\Being\Stat\base_attack_table.tsv" />
    <None Include="Resource Files\Being\Stat\base_elemental_table.tsv" />
    <None Include="Resource Files\Being\Stat\base_defense_table.tsv" />
    <None Include="Resource Files\Item\accessory_table.tsv" />
    <None Include="Resource Files\Item\armor_table.tsv" />
    <None Include="Resource Files\Item\weapon_stats_table.tsv" />
    <None Include="Resource Files\Item\accessory_stats_table.tsv" />
    <None Include="Resource Files\Item\armor_stats_table.tsv" />
    <None Include="Resource Files\Item\weapon_table.tsv" />
    <None Include="Resource Files\Being\Skill\attack_skill_table.tsv" />
    <None Include="Resource Files\Being\Skill\defense_skill_table.tsv" />
    <None Include="Resource Files\Being\Skill\buff_skill_table.tsv" />
    <None Include="docs\journal\2026-07-19.md" />
    <None Include="docs\github 업로드 전까지의 진행 상황.md" />
    <None Include="docs\project-dictionary.md" />
    <None Include="docs\Roadmap.md" />
    <None Include="README.md" />
  </ItemGroup>
  <ItemGroup>
    <Image Include="Resource Files\Assets\Urban_RPG_Pack\tile_0000.png">
      <Filter>Resource Files\Assets\Urban_RPG_Pack</Filter>
    </Image>
    <Image Include="Resource Files\Assets\Urban_RPG_Pack\tile_0001.png">
      <Filter>Resource Files\Assets\Urban_RPG_Pack</Filter>
    </Image>
    <Image Include="Resource Files\Assets\Urban_RPG_Pack\tile_0002.png">
      <Filter>Resource Files\Assets\Urban_RPG_Pack</Filter>
    </Image>
    <Image Include="Resource Files\Assets\Urban_RPG_Pack\tile_0003.png">
      <Filter>Resource Files\Assets\Urban_RPG_Pack</Filter>
    </Image>
    <Image Include="Resource Files\Assets\Urban_RPG_Pack\tile_0004.png">
      <Filter>Resource Files\Assets\Urban_RPG_Pack</Filter>
    </Image>
    <Image Include="Resource Files\Assets\Urban_RPG_Pack\tile_0005.png">
      <Filter>Resource Files\Assets\Urban_RPG_Pack</Filter>
    </Image>
    <Image Include="Resource Files\Assets\Urban_RPG_Pack\tile_0006.png">
      <Filter>Resource Files\Assets\Urban_RPG_Pack</Filter>
    </Image>
    <Image Include="Resource Files\Assets\Urban_RPG_Pack\tile_0007.png">
      <Filter>Resource Files\Assets\Urban_RPG_Pack</Filter>
    </Image>
    <Image Include="Resource Files\Assets\Urban_RPG_Pack\tile_0008.png">
      <Filter>Resource Files\Assets\Urban_RPG_Pack</Filter>
    </Image>
    <Image Include="Resource Files\Assets\Urban_RPG_Pack\tile_0009.png">
      <Filter>Resource Files\Assets\Urban_RPG_Pack</Filter>
    </Image>
    <Image Include="Resource Files\Assets\Urban_RPG_Pack\tile_0010.png">
      <Filter>Resource Files\Assets\Urban_RPG_Pack</Filter>
    </Image>
    <Image Include="Resource Files\Assets\Urban_RPG_Pack\tile_0011.png">
      <Filter>Resource Files\Assets\Urban_RPG_Pack</Filter>
    </Image>
    <Image Include="Resource Files\Assets\Urban_RPG_Pack\tile_0012.png">
      <Filter>Resource Files\Assets\Urban_RPG_Pack</Filter>
    </Image>
    <Image Include="Resource Files\Assets\Urban_RPG_Pack\tile_0013.png">
      <Filter>Resource Files\Assets\Urban_RPG_Pack</Filter>
    </Image>
    <Image Include="Resource Files\Assets\Urban_RPG_Pack\tile_0014.png">
      <Filter>Resource Files\Assets\Urban_RPG_Pack</Filter>
    </Image>
    <Image Include="Resource Files\Assets\Urban_RPG_Pack\tile_0015.png">
      <Filter>Resource Files\Assets\Urban_RPG_Pack</Filter>
    </Image>
    <Image Include="Resource Files\Assets\Urban_RPG_Pack\tile_0016.png">
      <Filter>Resource Files\Assets\Urban_RPG_Pack</Filter>
    </Image>
    <Image Include="Resource Files\Assets\Urban_RPG_Pack\tile_0017.png">
      <Filter>Resource Files\Assets\Urban_RPG_Pack</Filter>
    </Image>
    <Image Include="Resource Files\Assets\Urban_RPG_Pack\tile_0018.png">
      <Filter>Resource Files\Assets\Urban_RPG_Pack</Filter>
    </Image>
    <Image Include="Resource Files\Assets\Urban_RPG_Pack\tile_0019.png">
      <Filter>Resource Files\Assets\Urban_RPG_Pack</Filter>
    </Image>
    <Image Include="Resource Files\Assets\Urban_RPG_Pack\tile_0020.png">
      <Filter>Resource Files\Assets\Urban_RPG_Pack</Filter>
    </Image>
    <Image Include="Resource Files\Assets\Urban_RPG_Pack\tile_0021.png">
      <Filter>Resource Files\Assets\Urban_RPG_Pack</Filter>
    </Image>
    <Image Include="Resource Files\Assets\Urban_RPG_Pack\tile_0022.png">
      <Filter>Resource Files\Assets\Urban_RPG_Pack</Filter>
    </Image>
    <Image Include="Resource Files\Assets\Urban_RPG_Pack\tile_0023.png">
      <Filter>Resource Files\Assets\Urban_RPG_Pack</Filter>
    </Image>
    <Image Include="Resource Files\Assets\Urban_RPG_Pack\tile_0024.png">
      <Filter>Resource Files\Assets\Urban_RPG_Pack</Filter>
    </Image>
    <Image Include="Resource Files\Assets\Urban_RPG_Pack\tile_0025.png">
      <Filter>Resource Files\Assets\Urban_RPG_Pack</Filter>
    </Image>
    <Image Include="Resource Files\Assets\Urban_RPG_Pack\tile_0026.png">
      <Filter>Resource Files\Assets\Urban_RPG_Pack</Filter>
    </Image>
    <Image Include="Resource Files\Assets\Urban_RPG_Pack\tile_0027.png">
      <Filter>Resource Files\Assets\Urban_RPG_Pack</Filter>
    </Image>
    <Image Include="Resource Files\Assets\Urban_RPG_Pack\tile_0028.png">
      <Filter>Resource Files\Assets\Urban_RPG_Pack</Filter>
    </Image>
    <Image Include="Resource Files\Assets\Urban_RPG_Pack\tile_0029.png">
      <Filter>Resource Files\Assets\Urban_RPG_Pack</Filter>
    </Image>
    <Image Include="Resource Files\Assets\Urban_RPG_Pack\tile_0030.png">
      <Filter>Resource Files\Assets\Urban_RPG_Pack</Filter>
    </Image>
    <Image Include="Resource Files\Assets\Urban_RPG_Pack\tile_0031.png">
      <Filter>Resource Files\Assets\Urban_RPG_Pack</Filter>
    </Image>
    <Image Include="Resource Files\Assets\Urban_RPG_Pack\tile_0032.png">
      <Filter>Resource Files\Assets\Urban_RPG_Pack</Filter>
    </Image>
    <Image Include="Resource Files\Assets\Urban_RPG_Pack\tile_0033.png">
      <Filter>Resource Files\Assets\Urban_RPG_Pack</Filter>
    </Image>
    <Image Include="Resource Files\Assets\Urban_RPG_Pack\tile_0034.png">
      <Filter>Resource Files\Assets\Urban_RPG_Pack</Filter>
    </Image>
    <Image Include="Resource Files\Assets\Urban_RPG_Pack\tile_0035.png">
      <Filter>Resource Files\Assets\Urban_RPG_Pack</Filter>
    </Image>
    <Image Include="Resource Files\Assets\Urban_RPG_Pack\tile_0036.png">
      <Filter>Resource Files\Assets\Urban_RPG_Pack</Filter>
    </Image>
    <Image Include="Resource Files\Assets\Urban_RPG_Pack\tile_0037.png">
      <Filter>Resource Files\Assets\Urban_RPG_Pack</Filter>
    </Image>
    <Image Include="Resource Files\Assets\Urban_RPG_Pack\tile_0038.png">
      <Filter>Resource Files\Assets\Urban_RPG_Pack</Filter>
    </Image>
    <Image Include="Resource Files\Assets\Urban_RPG_Pack\tile_0039.png">
      <Filter>Resource Files\Assets\Urban_RPG_Pack</Filter>
    </Image>
    <Image Include="Resource Files\Assets\Urban_RPG_Pack\tile_0040.png">
      <Filter>Resource Files\Assets\Urban_RPG_Pack</Filter>
    </Image>
    <Image Include="Resource Files\Assets\Urban_RPG_Pack\tile_0041.png">
      <Filter>Resource Files\Assets\Urban_RPG_Pack</Filter>
    </Image>
    <Image Include="Resource Files\Assets\Urban_RPG_Pack\tile_0042.png">
      <Filter>Resource Files\Assets\Urban_RPG_Pack</Filter>
    </Image>
    <Image Include="Resource Files\Assets\Urban_RPG_Pack\tile_0043.png">
      <Filter>Resource Files\Assets\Urban_RPG_Pack</Filter>
    </Image>
    <Image Include="Resource Files\Assets\Urban_RPG_Pack\tile_0044.png">
      <Filter>Resource Files\Assets\Urban_RPG_Pack</Filter>
    </Image>
    <Image Include="Resource Files\Assets\Urban_RPG_Pack\tile_0045.png">
      <Filter>Resource Files\Assets\Urban_RPG_Pack</Filter>
    </Image>
    <Image Include="Resource Files\Assets\Urban_RPG_Pack\tile_0046.png">
      <Filter>Resource Files\Assets\Urban_RPG_Pack</Filter>
    </Image>
    <Image Include="Resource Files\Assets\Urban_RPG_Pack\tile_0047.png">
      <Filter>Resource Files\Assets\Urban_RPG_Pack</Filter>
    </Image>
    <Image Include="Resource Files\Assets\Urban_RPG_Pack\tile_0048.png">
      <Filter>Resource Files\Assets\Urban_RPG_Pack</Filter>
    </Image>
    <Image Include="Resource Files\Assets\Urban_RPG_Pack\tile_0049.png">
      <Filter>Resource Files\Assets\Urban_RPG_Pack</Filter>
    </Image>
    <Image Include="Resource Files\Assets\Urban_RPG_Pack\tile_0050.png">
      <Filter>Resource Files\Assets\Urban_RPG_Pack</Filter>
    </Image>
    <Image Include="Resource Files\Assets\Urban_RPG_Pack\tile_0051.png">
      <Filter>Resource Files\Assets\Urban_RPG_Pack</Filter>
    </Image>
    <Image Include="Resource Files\Assets\Urban_RPG_Pack\tile_0052.png">
      <Filter>Resource Files\Assets\Urban_RPG_Pack</Filter>
    </Image>
    <Image Include="Resource Files\Assets\Urban_RPG_Pack\tile_0053.png">
      <Filter>Resource Files\Assets\Urban_RPG_Pack</Filter>
    </Image>
    <Image Include="Resource Files\Assets\Urban_RPG_Pack\tile_0054.png">
      <Filter>Resource Files\Assets\Urban_RPG_Pack</Filter>
    </Image>
    <Image Include="Resource Files\Assets\Urban_RPG_Pack\tile_0055.png">
      <Filter>Resource Files\Assets\Urban_RPG_Pack</Filter>
    </Image>
    <Image Include="Resource Files\Assets\Urban_RPG_Pack\tile_0056.png">
      <Filter>Resource Files\Assets\Urban_RPG_Pack</Filter>
    </Image>
    <Image Include="Resource Files\Assets\Urban_RPG_Pack\tile_0057.png">
      <Filter>Resource Files\Assets\Urban_RPG_Pack</Filter>
    </Image>
    <Image Include="Resource Files\Assets\Urban_RPG_Pack\tile_0058.png">
      <Filter>Resource Files\Assets\Urban_RPG_Pack</Filter>
    </Image>
    <Image Include="Resource Files\Assets\Urban_RPG_Pack\tile_0059.png">
      <Filter>Resource Files\Assets\Urban_RPG_Pack</Filter>
    </Image>
    <Image Include="Resource Files\Assets\Urban_RPG_Pack\tile_0060.png">
      <Filter>Resource Files\Assets\Urban_RPG_Pack</Filter>
    </Image>
    <Image Include="Resource Files\Assets\Urban_RPG_Pack\tile_0061.png">
      <Filter>Resource Files\Assets\Urban_RPG_Pack</Filter>
    </Image>
    <Image Include="Resource Files\Assets\Urban_RPG_Pack\tile_0062.png">
      <Filter>Resource Files\Assets\Urban_RPG_Pack</Filter>
    </Image>
    <Image Include="Resource Files\Assets\Urban_RPG_Pack\tile_0063.png">
      <Filter>Resource Files\Assets\Urban_RPG_Pack</Filter>
    </Image>
    <Image Include="Resource Files\Assets\Urban_RPG_Pack\tile_0064.png">
      <Filter>Resource Files\Assets\Urban_RPG_Pack</Filter>
    </Image>
    <Image Include="Resource Files\Assets\Urban_RPG_Pack\tile_0065.png">
      <Filter>Resource Files\Assets\Urban_RPG_Pack</Filter>
    </Image>
    <Image Include="Resource Files\Assets\Urban_RPG_Pack\tile_0066.png">
      <Filter>Resource Files\Assets\Urban_RPG_Pack</Filter>
    </Image>
    <Image Include="Resource Files\Assets\Urban_RPG_Pack\tile_0067.png">
      <Filter>Resource Files\Assets\Urban_RPG_Pack</Filter>
    </Image>
    <Image Include="Resource Files\Assets\Urban_RPG_Pack\tile_0068.png">
      <Filter>Resource Files\Assets\Urban_RPG_Pack</Filter>
    </Image>
    <Image Include="Resource Files\Assets\Urban_RPG_Pack\tile_0069.png">
      <Filter>Resource Files\Assets\Urban_RPG_Pack</Filter>
    </Image>
    <Image Include="Resource Files\Assets\Urban_RPG_Pack\tile_0070.png">
      <Filter>Resource Files\Assets\Urban_RPG_Pack</Filter>
    </Image>
    <Image Include="Resource Files\Assets\Urban_RPG_Pack\tile_0071.png">
      <Filter>Resource Files\Assets\Urban_RPG_Pack</Filter>
    </Image>
    <Image Include="Resource Files\Assets\Urban_RPG_Pack\tile_0072.png">
      <Filter>Resource Files\Assets\Urban_RPG_Pack</Filter>
    </Image>
    <Image Include="Resource Files\Assets\Urban_RPG_Pack\tile_0073.png">
      <Filter>Resource Files\Assets\Urban_RPG_Pack</Filter>
    </Image>
    <Image Include="Resource Files\Assets\Urban_RPG_Pack\tile_0074.png">
      <Filter>Resource Files\Assets\Urban_RPG_Pack</Filter>
    </Image>
    <Image Include="Resource Files\Assets\Urban_RPG_Pack\tile_0075.png">
      <Filter>Resource Files\Assets\Urban_RPG_Pack</Filter>
    </Image>
    <Image Include="Resource Files\Assets\Urban_RPG_Pack\tile_0076.png">
      <Filter>Resource Files\Assets\Urban_RPG_Pack</Filter>
    </Image>
    <Image Include="Resource Files\Assets\Urban_RPG_Pack\tile_0077.png">
      <Filter>Resource Files\Assets\Urban_RPG_Pack</Filter>
    </Image>
    <Image Include="Resource Files\Assets\Urban_RPG_Pack\tile_0078.png">
      <Filter>Resource Files\Assets\Urban_RPG_Pack</Filter>
    </Image>
    <Image Include="Resource Files\Assets\Urban_RPG_Pack\tile_0079.png">
      <Filter>Resource Files\Assets\Urban_RPG_Pack</Filter>
    </Image>
    <Image Include="Resource Files\Assets\Urban_RPG_Pack\tile_0080.png">
      <Filter>Resource Files\Assets\Urban_RPG_Pack</Filter>
    </Image>
    <Image Include="Resource Files\Assets\Urban_RPG_Pack\tile_0081.png">
      <Filter>Resource Files\Assets\Urban_RPG_Pack</Filter>
    </Image>
    <Image Include="Resource Files\Assets\Urban_RPG_Pack\tile_0082.png">
      <Filter>Resource Files\Assets\Urban_RPG_Pack</Filter>
    </Image>
    <Image Include="Resource Files\Assets\Urban_RPG_Pack\tile_0083.png">
      <Filter>Resource Files\Assets\Urban_RPG_Pack</Filter>
    </Image>
    <Image Include="Resource Files\Assets\Urban_RPG_Pack\tile_0084.png">
      <Filter>Resource Files\Assets\Urban_RPG_Pack</Filter>
    </Image>
    <Image Include="Resource Files\Assets\Urban_RPG_Pack\tile_0085.png">
      <Filter>Resource Files\Assets\Urban_RPG_Pack</Filter>
    </Image>
    <Image Include="Resource Files\Assets\Urban_RPG_Pack\tile_0086.png">
      <Filter>Resource Files\Assets\Urban_RPG_Pack</Filter>
    </Image>
    <Image Include="Resource Files\Assets\Urban_RPG_Pack\tile_0087.png">
      <Filter>Resource Files\Assets\Urban_RPG_Pack</Filter>
    </Image>
    <Image Include="Resource Files\Assets\Urban_RPG_Pack\tile_0088.png">
      <Filter>Resource Files\Assets\Urban_RPG_Pack</Filter>
    </Image>
    <Image Include="Resource Files\Assets\Urban_RPG_Pack\tile_0089.png">
      <Filter>Resource Files\Assets\Urban_RPG_Pack</Filter>
    </Image>
    <Image Include="Resource Files\Assets\Urban_RPG_Pack\tile_0090.png">
      <Filter>Resource Files\Assets\Urban_RPG_Pack</Filter>
    </Image>
    <Image Include="Resource Files\Assets\Urban_RPG_Pack\tile_0091.png">
      <Filter>Resource Files\Assets\Urban_RPG_Pack</Filter>
    </Image>
    <Image Include="Resource Files\Assets\Urban_RPG_Pack\tile_0092.png">
      <Filter>Resource Files\Assets\Urban_RPG_Pack</Filter>
    </Image>
    <Image Include="Resource Files\Assets\Urban_RPG_Pack\tile_0093.png">
      <Filter>Resource Files\Assets\Urban_RPG_Pack</Filter>
    </Image>
    <Image Include="Resource Files\Assets\Urban_RPG_Pack\tile_0094.png">
      <Filter>Resource Files\Assets\Urban_RPG_Pack</Filter>
    </Image>
    <Image Include="Resource Files\Assets\Urban_RPG_Pack\tile_0095.png">
      <Filter>Resource Files\Assets\Urban_RPG_Pack</Filter>
    </Image>
    <Image Include="Resource Files\Assets\Urban_RPG_Pack\tile_0096.png">
      <Filter>Resource Files\Assets\Urban_RPG_Pack</Filter>
    </Image>
    <Image Include="Resource Files\Assets\Urban_RPG_Pack\tile_0097.png">
      <Filter>Resource Files\Assets\Urban_RPG_Pack</Filter>
    </Image>
    <Image Include="Resource Files\Assets\Urban_RPG_Pack\tile_0098.png">
      <Filter>Resource Files\Assets\Urban_RPG_Pack</Filter>
    </Image>
    <Image Include="Resource Files\Assets\Urban_RPG_Pack\tile_0099.png">
      <Filter>Resource Files\Assets\Urban_RPG_Pack</Filter>
    </Image>
    <Image Include="Resource Files\Assets\Urban_RPG_Pack\tile_0100.png">
      <Filter>Resource Files\Assets\Urban_RPG_Pack</Filter>
    </Image>
    <Image Include="Resource Files\Assets\Urban_RPG_Pack\tile_0101.png">
      <Filter>Resource Files\Assets\Urban_RPG_Pack</Filter>
    </Image>
    <Image Include="Resource Files\Assets\Urban_RPG_Pack\tile_0102.png">
      <Filter>Resource Files\Assets\Urban_RPG_Pack</Filter>
    </Image>
    <Image Include="Resource Files\Assets\Urban_RPG_Pack\tile_0103.png">
      <Filter>Resource Files\Assets\Urban_RPG_Pack</Filter>
    </Image>
    <Image Include="Resource Files\Assets\Urban_RPG_Pack\tile_0104.png">
      <Filter>Resource Files\Assets\Urban_RPG_Pack</Filter>
    </Image>
    <Image Include="Resource Files\Assets\Urban_RPG_Pack\tile_0105.png">
      <Filter>Resource Files\Assets\Urban_RPG_Pack</Filter>
    </Image>
    <Image Include="Resource Files\Assets\Urban_RPG_Pack\tile_0106.png">
      <Filter>Resource Files\Assets\Urban_RPG_Pack</Filter>
    </Image>
    <Image Include="Resource Files\Assets\Urban_RPG_Pack\tile_0107.png">
      <Filter>Resource Files\Assets\Urban_RPG_Pack</Filter>
    </Image>
    <Image Include="Resource Files\Assets\Urban_RPG_Pack\tile_0108.png">
      <Filter>Resource Files\Assets\Urban_RPG_Pack</Filter>
    </Image>
    <Image Include="Resource Files\Assets\Urban_RPG_Pack\tile_0109.png">
      <Filter>Resource Files\Assets\Urban_RPG_Pack</Filter>
    </Image>
    <Image Include="Resource Files\Assets\Urban_RPG_Pack\tile_0110.png">
      <Filter>Resource Files\Assets\Urban_RPG_Pack</Filter>
    </Image>
    <Image Include="Resource Files\Assets\Urban_RPG_Pack\tile_0111.png">
      <Filter>Resource Files\Assets\Urban_RPG_Pack</Filter>
    </Image>
    <Image Include="Resource Files\Assets\Urban_RPG_Pack\tile_0112.png">
      <Filter>Resource Files\Assets\Urban_RPG_Pack</Filter>
    </Image>
    <Image Include="Resource Files\Assets\Urban_RPG_Pack\tile_0113.png">
      <Filter>Resource Files\Assets\Urban_RPG_Pack</Filter>
    </Image>
    <Image Include="Resource Files\Assets\Urban_RPG_Pack\tile_0114.png">
      <Filter>Resource Files\Assets\Urban_RPG_Pack</Filter>
    </Image>
    <Image Include="Resource Files\Assets\Urban_RPG_Pack\tile_0115.png">
      <Filter>Resource Files\Assets\Urban_RPG_Pack</Filter>
    </Image>
    <Image Include="Resource Files\Assets\Urban_RPG_Pack\tile_0116.png">
      <Filter>Resource Files\Assets\Urban_RPG_Pack</Filter>
    </Image>
    <Image Include="Resource Files\Assets\Urban_RPG_Pack\tile_0117.png">
      <Filter>Resource Files\Assets\Urban_RPG_Pack</Filter>
    </Image>
    <Image Include="Resource Files\Assets\Urban_RPG_Pack\tile_0118.png">
      <Filter>Resource Files\Assets\Urban_RPG_Pack</Filter>
    </Image>
    <Image Include="Resource Files\Assets\Urban_RPG_Pack\tile_0119.png">
      <Filter>Resource Files\Assets\Urban_RPG_Pack</Filter>
    </Image>
    <Image Include="Resource Files\Assets\Urban_RPG_Pack\tile_0120.png">
      <Filter>Resource Files\Assets\Urban_RPG_Pack</Filter>
    </Image>
    <Image Include="Resource Files\Assets\Urban_RPG_Pack\tile_0121.png">
      <Filter>Resource Files\Assets\Urban_RPG_Pack</Filter>
    </Image>
    <Image Include="Resource Files\Assets\Urban_RPG_Pack\tile_0122.png">
      <Filter>Resource Files\Assets\Urban_RPG_Pack</Filter>
    </Image>
    <Image Include="Resource Files\Assets\Urban_RPG_Pack\tile_0123.png">
      <Filter>Resource Files\Assets\Urban_RPG_Pack</Filter>
    </Image>
    <Image Include="Resource Files\Assets\Urban_RPG_Pack\tile_0124.png">
      <Filter>Resource Files\Assets\Urban_RPG_Pack</Filter>
    </Image>
    <Image Include="Resource Files\Assets\Urban_RPG_Pack\tile_0125.png">
      <Filter>Resource Files\Assets\Urban_RPG_Pack</Filter>
    </Image>
    <Image Include="Resource Files\Assets\Urban_RPG_Pack\tile_0126.png">
      <Filter>Resource Files\Assets\Urban_RPG_Pack</Filter>
    </Image>
    <Image Include="Resource Files\Assets\Urban_RPG_Pack\tile_0127.png">
      <Filter>Resource Files\Assets\Urban_RPG_Pack</Filter>
    </Image>
    <Image Include="Resource Files\Assets\Urban_RPG_Pack\tile_0128.png">
      <Filter>Resource Files\Assets\Urban_RPG_Pack</Filter>
    </Image>
    <Image Include="Resource Files\Assets\Urban_RPG_Pack\tile_0129.png">
      <Filter>Resource Files\Assets\Urban_RPG_Pack</Filter>
    </Image>
    <Image Include="Resource Files\Assets\Urban_RPG_Pack\tile_0130.png">
      <Filter>Resource Files\Assets\Urban_RPG_Pack</Filter>
    </Image>
    <Image Include="Resource Files\Assets\Urban_RPG_Pack\tile_0131.png">
      <Filter>Resource Files\Assets\Urban_RPG_Pack</Filter>
    </Image>
    <Image Include="Resource Files\Assets\Urban_RPG_Pack\tile_0132.png">
      <Filter>Resource Files\Assets\Urban_RPG_Pack</Filter>
    </Image>
    <Image Include="Resource Files\Assets\Urban_RPG_Pack\tile_0133.png">
      <Filter>Resource Files\Assets\Urban_RPG_Pack</Filter>
    </Image>
    <Image Include="Resource Files\Assets\Urban_RPG_Pack\tile_0134.png">
      <Filter>Resource Files\Assets\Urban_RPG_Pack</Filter>
    </Image>
    <Image Include="Resource Files\Assets\Urban_RPG_Pack\tile_0135.png">
      <Filter>Resource Files\Assets\Urban_RPG_Pack</Filter>
    </Image>
    <Image Include="Resource Files\Assets\Urban_RPG_Pack\tile_0136.png">
      <Filter>Resource Files\Assets\Urban_RPG_Pack</Filter>
    </Image>
    <Image Include="Resource Files\Assets\Urban_RPG_Pack\tile_0137.png">
      <Filter>Resource Files\Assets\Urban_RPG_Pack</Filter>
    </Image>
    <Image Include="Resource Files\Assets\Urban_RPG_Pack\tile_0138.png">
      <Filter>Resource Files\Assets\Urban_RPG_Pack</Filter>
    </Image>
    <Image Include="Resource Files\Assets\Urban_RPG_Pack\tile_0139.png">
      <Filter>Resource Files\Assets\Urban_RPG_Pack</Filter>
    </Image>
    <Image Include="Resource Files\Assets\Urban_RPG_Pack\tile_0140.png">
      <Filter>Resource Files\Assets\Urban_RPG_Pack</Filter>
    </Image>
    <Image Include="Resource Files\Assets\Urban_RPG_Pack\tile_0141.png">
      <Filter>Resource Files\Assets\Urban_RPG_Pack</Filter>
    </Image>
    <Image Include="Resource Files\Assets\Urban_RPG_Pack\tile_0142.png">
      <Filter>Resource Files\Assets\Urban_RPG_Pack</Filter>
    </Image>
    <Image Include="Resource Files\Assets\Urban_RPG_Pack\tile_0143.png">
      <Filter>Resource Files\Assets\Urban_RPG_Pack</Filter>
    </Image>
    <Image Include="Resource Files\Assets\Urban_RPG_Pack\tile_0144.png">
      <Filter>Resource Files\Assets\Urban_RPG_Pack</Filter>
    </Image>
    <Image Include="Resource Files\Assets\Urban_RPG_Pack\tile_0145.png">
      <Filter>Resource Files\Assets\Urban_RPG_Pack</Filter>
    </Image>
    <Image Include="Resource Files\Assets\Urban_RPG_Pack\tile_0146.png">
      <Filter>Resource Files\Assets\Urban_RPG_Pack</Filter>
    </Image>
    <Image Include="Resource Files\Assets\Urban_RPG_Pack\tile_0147.png">
      <Filter>Resource Files\Assets\Urban_RPG_Pack</Filter>
    </Image>
    <Image Include="Resource Files\Assets\Urban_RPG_Pack\tile_0148.png">
      <Filter>Resource Files\Assets\Urban_RPG_Pack</Filter>
    </Image>
    <Image Include="Resource Files\Assets\Urban_RPG_Pack\tile_0149.png">
      <Filter>Resource Files\Assets\Urban_RPG_Pack</Filter>
    </Image>
    <Image Include="Resource Files\Assets\Urban_RPG_Pack\tile_0150.png">
      <Filter>Resource Files\Assets\Urban_RPG_Pack</Filter>
    </Image>
    <Image Include="Resource Files\Assets\Urban_RPG_Pack\tile_0151.png">
      <Filter>Resource Files\Assets\Urban_RPG_Pack</Filter>
    </Image>
    <Image Include="Resource Files\Assets\Urban_RPG_Pack\tile_0152.png">
      <Filter>Resource Files\Assets\Urban_RPG_Pack</Filter>
    </Image>
    <Image Include="Resource Files\Assets\Urban_RPG_Pack\tile_0153.png">
      <Filter>Resource Files\Assets\Urban_RPG_Pack</Filter>
    </Image>
    <Image Include="Resource Files\Assets\Urban_RPG_Pack\tile_0154.png">
      <Filter>Resource Files\Assets\Urban_RPG_Pack</Filter>
    </Image>
    <Image Include="Resource Files\Assets\Urban_RPG_Pack\tile_0155.png">
      <Filter>Resource Files\Assets\Urban_RPG_Pack</Filter>
    </Image>
    <Image Include="Resource Files\Assets\Urban_RPG_Pack\tile_0156.png">
      <Filter>Resource Files\Assets\Urban_RPG_Pack</Filter>
    </Image>
    <Image Include="Resource Files\Assets\Urban_RPG_Pack\tile_0157.png">
      <Filter>Resource Files\Assets\Urban_RPG_Pack</Filter>
    </Image>
    <Image Include="Resource Files\Assets\Urban_RPG_Pack\tile_0158.png">
      <Filter>Resource Files\Assets\Urban_RPG_Pack</Filter>
    </Image>
    <Image Include="Resource Files\Assets\Urban_RPG_Pack\tile_0159.png">
      <Filter>Resource Files\Assets\Urban_RPG_Pack</Filter>
    </Image>
    <Image Include="Resource Files\Assets\Urban_RPG_Pack\tile_0160.png">
      <Filter>Resource Files\Assets\Urban_RPG_Pack</Filter>
    </Image>
    <Image Include="Resource Files\Assets\Urban_RPG_Pack\tile_0161.png">
      <Filter>Resource Files\Assets\Urban_RPG_Pack</Filter>
    </Image>
    <Image Include="Resource Files\Assets\Urban_RPG_Pack\tile_0162.png">
      <Filter>Resource Files\Assets\Urban_RPG_Pack</Filter>
    </Image>
    <Image Include="Resource Files\Assets\Urban_RPG_Pack\tile_0163.png">
      <Filter>Resource Files\Assets\Urban_RPG_Pack</Filter>
    </Image>
    <Image Include="Resource Files\Assets\Urban_RPG_Pack\tile_0164.png">
      <Filter>Resource Files\Assets\Urban_RPG_Pack</Filter>
    </Image>
    <Image Include="Resource Files\Assets\Urban_RPG_Pack\tile_0165.png">
      <Filter>Resource Files\Assets\Urban_RPG_Pack</Filter>
    </Image>
    <Image Include="Resource Files\Assets\Urban_RPG_Pack\tile_0166.png">
      <Filter>Resource Files\Assets\Urban_RPG_Pack</Filter>
    </Image>
    <Image Include="Resource Files\Assets\Urban_RPG_Pack\tile_0167.png">
      <Filter>Resource Files\Assets\Urban_RPG_Pack</Filter>
    </Image>
    <Image Include="Resource Files\Assets\Urban_RPG_Pack\tile_0168.png">
      <Filter>Resource Files\Assets\Urban_RPG_Pack</Filter>
    </Image>
    <Image Include="Resource Files\Assets\Urban_RPG_Pack\tile_0169.png">
      <Filter>Resource Files\Assets\Urban_RPG_Pack</Filter>
    </Image>
    <Image Include="Resource Files\Assets\Urban_RPG_Pack\tile_0170.png">
      <Filter>Resource Files\Assets\Urban_RPG_Pack</Filter>
    </Image>
    <Image Include="Resource Files\Assets\Urban_RPG_Pack\tile_0171.png">
      <Filter>Resource Files\Assets\Urban_RPG_Pack</Filter>
    </Image>
    <Image Include="Resource Files\Assets\Urban_RPG_Pack\tile_0172.png">
      <Filter>Resource Files\Assets\Urban_RPG_Pack</Filter>
    </Image>
    <Image Include="Resource Files\Assets\Urban_RPG_Pack\tile_0173.png">
      <Filter>Resource Files\Assets\Urban_RPG_Pack</Filter>
    </Image>
    <Image Include="Resource Files\Assets\Urban_RPG_Pack\tile_0174.png">
      <Filter>Resource Files\Assets\Urban_RPG_Pack</Filter>
    </Image>
    <Image Include="Resource Files\Assets\Urban_RPG_Pack\tile_0175.png">
      <Filter>Resource Files\Assets\Urban_RPG_Pack</Filter>
    </Image>
    <Image Include="Resource Files\Assets\Urban_RPG_Pack\tile_0176.png">
      <Filter>Resource Files\Assets\Urban_RPG_Pack</Filter>
    </Image>
    <Image Include="Resource Files\Assets\Urban_RPG_Pack\tile_0177.png">
      <Filter>Resource Files\Assets\Urban_RPG_Pack</Filter>
    </Image>
    <Image Include="Resource Files\Assets\Urban_RPG_Pack\tile_0178.png">
      <Filter>Resource Files\Assets\Urban_RPG_Pack</Filter>
    </Image>
    <Image Include="Resource Files\Assets\Urban_RPG_Pack\tile_0179.png">
      <Filter>Resource Files\Assets\Urban_RPG_Pack</Filter>
    </Image>
    <Image Include="Resource Files\Assets\Urban_RPG_Pack\tile_0180.png">
      <Filter>Resource Files\Assets\Urban_RPG_Pack</Filter>
    </Image>
    <Image Include="Resource Files\Assets\Urban_RPG_Pack\tile_0181.png">
      <Filter>Resource Files\Assets\Urban_RPG_Pack</Filter>
    </Image>
    <Image Include="Resource Files\Assets\Urban_RPG_Pack\tile_0182.png">
      <Filter>Resource Files\Assets\Urban_RPG_Pack</Filter>
    </Image>
    <Image Include="Resource Files\Assets\Urban_RPG_Pack\tile_0183.png">
      <Filter>Resource Files\Assets\Urban_RPG_Pack</Filter>
    </Image>
    <Image Include="Resource Files\Assets\Urban_RPG_Pack\tile_0184.png">
      <Filter>Resource Files\Assets\Urban_RPG_Pack</Filter>
    </Image>
    <Image Include="Resource Files\Assets\Urban_RPG_Pack\tile_0185.png">
      <Filter>Resource Files\Assets\Urban_RPG_Pack</Filter>
    </Image>
    <Image Include="Resource Files\Assets\Urban_RPG_Pack\tile_0186.png">
      <Filter>Resource Files\Assets\Urban_RPG_Pack</Filter>
    </Image>
    <Image Include="Resource Files\Assets\Urban_RPG_Pack\tile_0187.png">
      <Filter>Resource Files\Assets\Urban_RPG_Pack</Filter>
    </Image>
    <Image Include="Resource Files\Assets\Urban_RPG_Pack\tile_0188.png">
      <Filter>Resource Files\Assets\Urban_RPG_Pack</Filter>
    </Image>
    <Image Include="Resource Files\Assets\Urban_RPG_Pack\tile_0189.png">
      <Filter>Resource Files\Assets\Urban_RPG_Pack</Filter>
    </Image>
    <Image Include="Resource Files\Assets\Urban_RPG_Pack\tile_0190.png">
      <Filter>Resource Files\Assets\Urban_RPG_Pack</Filter>
    </Image>
    <Image Include="Resource Files\Assets\Urban_RPG_Pack\tile_0191.png">
      <Filter>Resource Files\Assets\Urban_RPG_Pack</Filter>
    </Image>
    <Image Include="Resource Files\Assets\Urban_RPG_Pack\tile_0192.png">
      <Filter>Resource Files\Assets\Urban_RPG_Pack</Filter>
    </Image>
    <Image Include="Resource Files\Assets\Urban_RPG_Pack\tile_0193.png">
      <Filter>Resource Files\Assets\Urban_RPG_Pack</Filter>
    </Image>
    <Image Include="Resource Files\Assets\Urban_RPG_Pack\tile_0194.png">
      <Filter>Resource Files\Assets\Urban_RPG_Pack</Filter>
    </Image>
    <Image Include="Resource Files\Assets\Urban_RPG_Pack\tile_0195.png">
      <Filter>Resource Files\Assets\Urban_RPG_Pack</Filter>
    </Image>
    <Image Include="Resource Files\Assets\Urban_RPG_Pack\tile_0196.png">
      <Filter>Resource Files\Assets\Urban_RPG_Pack</Filter>
    </Image>
    <Image Include="Resource Files\Assets\Urban_RPG_Pack\tile_0197.png">
      <Filter>Resource Files\Assets\Urban_RPG_Pack</Filter>
    </Image>
    <Image Include="Resource Files\Assets\Urban_RPG_Pack\tile_0198.png">
      <Filter>Resource Files\Assets\Urban_RPG_Pack</Filter>
    </Image>
    <Image Include="Resource Files\Assets\Urban_RPG_Pack\tile_0199.png">
      <Filter>Resource Files\Assets\Urban_RPG_Pack</Filter>
    </Image>
    <Image Include="Resource Files\Assets\Urban_RPG_Pack\tile_0200.png">
      <Filter>Resource Files\Assets\Urban_RPG_Pack</Filter>
    </Image>
    <Image Include="Resource Files\Assets\Urban_RPG_Pack\tile_0201.png">
      <Filter>Resource Files\Assets\Urban_RPG_Pack</Filter>
    </Image>
    <Image Include="Resource Files\Assets\Urban_RPG_Pack\tile_0202.png">
      <Filter>Resource Files\Assets\Urban_RPG_Pack</Filter>
    </Image>
    <Image Include="Resource Files\Assets\Urban_RPG_Pack\tile_0203.png">
      <Filter>Resource Files\Assets\Urban_RPG_Pack</Filter>
    </Image>
    <Image Include="Resource Files\Assets\Urban_RPG_Pack\tile_0204.png">
      <Filter>Resource Files\Assets\Urban_RPG_Pack</Filter>
    </Image>
    <Image Include="Resource Files\Assets\Urban_RPG_Pack\tile_0205.png">
      <Filter>Resource Files\Assets\Urban_RPG_Pack</Filter>
    </Image>
    <Image Include="Resource Files\Assets\Urban_RPG_Pack\tile_0206.png">
      <Filter>Resource Files\Assets\Urban_RPG_Pack</Filter>
    </Image>
    <Image Include="Resource Files\Assets\Urban_RPG_Pack\tile_0207.png">
      <Filter>Resource Files\Assets\Urban_RPG_Pack</Filter>
    </Image>
    <Image Include="Resource Files\Assets\Urban_RPG_Pack\tile_0208.png">
      <Filter>Resource Files\Assets\Urban_RPG_Pack</Filter>
    </Image>
    <Image Include="Resource Files\Assets\Urban_RPG_Pack\tile_0209.png">
      <Filter>Resource Files\Assets\Urban_RPG_Pack</Filter>
    </Image>
    <Image Include="Resource Files\Assets\Urban_RPG_Pack\tile_0210.png">
      <Filter>Resource Files\Assets\Urban_RPG_Pack</Filter>
    </Image>
    <Image Include="Resource Files\Assets\Urban_RPG_Pack\tile_0211.png">
      <Filter>Resource Files\Assets\Urban_RPG_Pack</Filter>
    </Image>
    <Image Include="Resource Files\Assets\Urban_RPG_Pack\tile_0212.png">
      <Filter>Resource Files\Assets\Urban_RPG_Pack</Filter>
    </Image>
    <Image Include="Resource Files\Assets\Urban_RPG_Pack\tile_0213.png">
      <Filter>Resource Files\Assets\Urban_RPG_Pack</Filter>
    </Image>
    <Image Include="Resource Files\Assets\Urban_RPG_Pack\tile_0214.png">
      <Filter>Resource Files\Assets\Urban_RPG_Pack</Filter>
    </Image>
    <Image Include="Resource Files\Assets\Urban_RPG_Pack\tile_0215.png">
      <Filter>Resource Files\Assets\Urban_RPG_Pack</Filter>
    </Image>
    <Image Include="Resource Files\Assets\Urban_RPG_Pack\tile_0216.png">
      <Filter>Resource Files\Assets\Urban_RPG_Pack</Filter>
    </Image>
    <Image Include="Resource Files\Assets\Urban_RPG_Pack\tile_0217.png">
      <Filter>Resource Files\Assets\Urban_RPG_Pack</Filter>
    </Image>
    <Image Include="Resource Files\Assets\Urban_RPG_Pack\tile_0218.png">
      <Filter>Resource Files\Assets\Urban_RPG_Pack</Filter>
    </Image>
    <Image Include="Resource Files\Assets\Urban_RPG_Pack\tile_0219.png">
      <Filter>Resource Files\Assets\Urban_RPG_Pack</Filter>
    </Image>
    <Image Include="Resource Files\Assets\Urban_RPG_Pack\tile_0220.png">
      <Filter>Resource Files\Assets\Urban_RPG_Pack</Filter>
    </Image>
    <Image Include="Resource Files\Assets\Urban_RPG_Pack\tile_0221.png">
      <Filter>Resource Files\Assets\Urban_RPG_Pack</Filter>
    </Image>
    <Image Include="Resource Files\Assets\Urban_RPG_Pack\tile_0222.png">
      <Filter>Resource Files\Assets\Urban_RPG_Pack</Filter>
    </Image>
    <Image Include="Resource Files\Assets\Urban_RPG_Pack\tile_0223.png">
      <Filter>Resource Files\Assets\Urban_RPG_Pack</Filter>
    </Image>
    <Image Include="Resource Files\Assets\Urban_RPG_Pack\tile_0224.png">
      <Filter>Resource Files\Assets\Urban_RPG_Pack</Filter>
    </Image>
    <Image Include="Resource Files\Assets\Urban_RPG_Pack\tile_0225.png">
      <Filter>Resource Files\Assets\Urban_RPG_Pack</Filter>
    </Image>
    <Image Include="Resource Files\Assets\Urban_RPG_Pack\tile_0226.png">
      <Filter>Resource Files\Assets\Urban_RPG_Pack</Filter>
    </Image>
    <Image Include="Resource Files\Assets\Urban_RPG_Pack\tile_0227.png">
      <Filter>Resource Files\Assets\Urban_RPG_Pack</Filter>
    </Image>
    <Image Include="Resource Files\Assets\Urban_RPG_Pack\tile_0228.png">
      <Filter>Resource Files\Assets\Urban_RPG_Pack</Filter>
    </Image>
    <Image Include="Resource Files\Assets\Urban_RPG_Pack\tile_0229.png">
      <Filter>Resource Files\Assets\Urban_RPG_Pack</Filter>
    </Image>
    <Image Include="Resource Files\Assets\Urban_RPG_Pack\tile_0230.png">
      <Filter>Resource Files\Assets\Urban_RPG_Pack</Filter>
    </Image>
    <Image Include="Resource Files\Assets\Urban_RPG_Pack\tile_0231.png">
      <Filter>Resource Files\Assets\Urban_RPG_Pack</Filter>
    </Image>
    <Image Include="Resource Files\Assets\Urban_RPG_Pack\tile_0232.png">
      <Filter>Resource Files\Assets\Urban_RPG_Pack</Filter>
    </Image>
    <Image Include="Resource Files\Assets\Urban_RPG_Pack\tile_0233.png">
      <Filter>Resource Files\Assets\Urban_RPG_Pack</Filter>
    </Image>
    <Image Include="Resource Files\Assets\Urban_RPG_Pack\tile_0234.png">
      <Filter>Resource Files\Assets\Urban_RPG_Pack</Filter>
    </Image>
    <Image Include="Resource Files\Assets\Urban_RPG_Pack\tile_0235.png">
      <Filter>Resource Files\Assets\Urban_RPG_Pack</Filter>
    </Image>
    <Image Include="Resource Files\Assets\Urban_RPG_Pack\tile_0236.png">
      <Filter>Resource Files\Assets\Urban_RPG_Pack</Filter>
    </Image>
    <Image Include="Resource Files\Assets\Urban_RPG_Pack\tile_0237.png">
      <Filter>Resource Files\Assets\Urban_RPG_Pack</Filter>
    </Image>
    <Image Include="Resource Files\Assets\Urban_RPG_Pack\tile_0238.png">
      <Filter>Resource Files\Assets\Urban_RPG_Pack</Filter>
    </Image>
    <Image Include="Resource Files\Assets\Urban_RPG_Pack\tile_0239.png">
      <Filter>Resource Files\Assets\Urban_RPG_Pack</Filter>
    </Image>
    <Image Include="Resource Files\Assets\Urban_RPG_Pack\tile_0240.png">
      <Filter>Resource Files\Assets\Urban_RPG_Pack</Filter>
    </Image>
    <Image Include="Resource Files\Assets\Urban_RPG_Pack\tile_0241.png">
      <Filter>Resource Files\Assets\Urban_RPG_Pack</Filter>
    </Image>
    <Image Include="Resource Files\Assets\Urban_RPG_Pack\tile_0242.png">
      <Filter>Resource Files\Assets\Urban_RPG_Pack</Filter>
    </Image>
    <Image Include="Resource Files\Assets\Urban_RPG_Pack\tile_0243.png">
      <Filter>Resource Files\Assets\Urban_RPG_Pack</Filter>
    </Image>
    <Image Include="Resource Files\Assets\Urban_RPG_Pack\tile_0244.png">
      <Filter>Resource Files\Assets\Urban_RPG_Pack</Filter>
    </Image>
    <Image Include="Resource Files\Assets\Urban_RPG_Pack\tile_0245.png">
      <Filter>Resource Files\Assets\Urban_RPG_Pack</Filter>
    </Image>
    <Image Include="Resource Files\Assets\Urban_RPG_Pack\tile_0246.png">
      <Filter>Resource Files\Assets\Urban_RPG_Pack</Filter>
    </Image>
    <Image Include="Resource Files\Assets\Urban_RPG_Pack\tile_0247.png">
      <Filter>Resource Files\Assets\Urban_RPG_Pack</Filter>
    </Image>
    <Image Include="Resource Files\Assets\Urban_RPG_Pack\tile_0248.png">
      <Filter>Resource Files\Assets\Urban_RPG_Pack</Filter>
    </Image>
    <Image Include="Resource Files\Assets\Urban_RPG_Pack\tile_0249.png">
      <Filter>Resource Files\Assets\Urban_RPG_Pack</Filter>
    </Image>
    <Image Include="Resource Files\Assets\Urban_RPG_Pack\tile_0250.png">
      <Filter>Resource Files\Assets\Urban_RPG_Pack</Filter>
    </Image>
    <Image Include="Resource Files\Assets\Urban_RPG_Pack\tile_0251.png">
      <Filter>Resource Files\Assets\Urban_RPG_Pack</Filter>
    </Image>
    <Image Include="Resource Files\Assets\Urban_RPG_Pack\tile_0252.png">
      <Filter>Resource Files\Assets\Urban_RPG_Pack</Filter>
    </Image>
    <Image Include="Resource Files\Assets\Urban_RPG_Pack\tile_0253.png">
      <Filter>Resource Files\Assets\Urban_RPG_Pack</Filter>
    </Image>
    <Image Include="Resource Files\Assets\Urban_RPG_Pack\tile_0254.png">
      <Filter>Resource Files\Assets\Urban_RPG_Pack</Filter>
    </Image>
    <Image Include="Resource Files\Assets\Urban_RPG_Pack\tile_0255.png">
      <Filter>Resource Files\Assets\Urban_RPG_Pack</Filter>
    </Image>
    <Image Include="Resource Files\Assets\Urban_RPG_Pack\tile_0256.png">
      <Filter>Resource Files\Assets\Urban_RPG_Pack</Filter>
    </Image>
    <Image Include="Resource Files\Assets\Urban_RPG_Pack\tile_0257.png">
      <Filter>Resource Files\Assets\Urban_RPG_Pack</Filter>
    </Image>
    <Image Include="Resource Files\Assets\Urban_RPG_Pack\tile_0258.png">
      <Filter>Resource Files\Assets\Urban_RPG_Pack</Filter>
    </Image>
    <Image Include="Resource Files\Assets\Urban_RPG_Pack\tile_0259.png">
      <Filter>Resource Files\Assets\Urban_RPG_Pack</Filter>
    </Image>
    <Image Include="Resource Files\Assets\Urban_RPG_Pack\tile_0260.png">
      <Filter>Resource Files\Assets\Urban_RPG_Pack</Filter>
    </Image>
    <Image Include="Resource Files\Assets\Urban_RPG_Pack\tile_0261.png">
      <Filter>Resource Files\Assets\Urban_RPG_Pack</Filter>
    </Image>
    <Image Include="Resource Files\Assets\Urban_RPG_Pack\tile_0262.png">
      <Filter>Resource Files\Assets\Urban_RPG_Pack</Filter>
    </Image>
    <Image Include="Resource Files\Assets\Urban_RPG_Pack\tile_0263.png">
      <Filter>Resource Files\Assets\Urban_RPG_Pack</Filter>
    </Image>
    <Image Include="Resource Files\Assets\Urban_RPG_Pack\tile_0264.png">
      <Filter>Resource Files\Assets\Urban_RPG_Pack</Filter>
    </Image>
    <Image Include="Resource Files\Assets\Urban_RPG_Pack\tile_0265.png">
      <Filter>Resource Files\Assets\Urban_RPG_Pack</Filter>
    </Image>
    <Image Include="Resource Files\Assets\Urban_RPG_Pack\tile_0266.png">
      <Filter>Resource Files\Assets\Urban_RPG_Pack</Filter>
    </Image>
    <Image Include="Resource Files\Assets\Urban_RPG_Pack\tile_0267.png">
      <Filter>Resource Files\Assets\Urban_RPG_Pack</Filter>
    </Image>
    <Image Include="Resource Files\Assets\Urban_RPG_Pack\tile_0268.png">
      <Filter>Resource Files\Assets\Urban_RPG_Pack</Filter>
    </Image>
    <Image Include="Resource Files\Assets\Urban_RPG_Pack\tile_0269.png">
      <Filter>Resource Files\Assets\Urban_RPG_Pack</Filter>
    </Image>
    <Image Include="Resource Files\Assets\Urban_RPG_Pack\tile_0270.png">
      <Filter>Resource Files\Assets\Urban_RPG_Pack</Filter>
    </Image>
    <Image Include="Resource Files\Assets\Urban_RPG_Pack\tile_0271.png">
      <Filter>Resource Files\Assets\Urban_RPG_Pack</Filter>
    </Image>
    <Image Include="Resource Files\Assets\Urban_RPG_Pack\tile_0272.png">
      <Filter>Resource Files\Assets\Urban_RPG_Pack</Filter>
    </Image>
    <Image Include="Resource Files\Assets\Urban_RPG_Pack\tile_0273.png">
      <Filter>Resource Files\Assets\Urban_RPG_Pack</Filter>
    </Image>
    <Image Include="Resource Files\Assets\Urban_RPG_Pack\tile_0274.png">
      <Filter>Resource Files\Assets\Urban_RPG_Pack</Filter>
    </Image>
    <Image Include="Resource Files\Assets\Urban_RPG_Pack\tile_0275.png">
      <Filter>Resource Files\Assets\Urban_RPG_Pack</Filter>
    </Image>
    <Image Include="Resource Files\Assets\Urban_RPG_Pack\tile_0276.png">
      <Filter>Resource Files\Assets\Urban_RPG_Pack</Filter>
    </Image>
    <Image Include="Resource Files\Assets\Urban_RPG_Pack\tile_0277.png">
      <Filter>Resource Files\Assets\Urban_RPG_Pack</Filter>
    </Image>
    <Image Include="Resource Files\Assets\Urban_RPG_Pack\tile_0278.png">
      <Filter>Resource Files\Assets\Urban_RPG_Pack</Filter>
    </Image>
    <Image Include="Resource Files\Assets\Urban_RPG_Pack\tile_0279.png">
      <Filter>Resource Files\Assets\Urban_RPG_Pack</Filter>
    </Image>
    <Image Include="Resource Files\Assets\Urban_RPG_Pack\tile_0280.png">
      <Filter>Resource Files\Assets\Urban_RPG_Pack</Filter>
    </Image>
    <Image Include="Resource Files\Assets\Urban_RPG_Pack\tile_0281.png">
      <Filter>Resource Files\Assets\Urban_RPG_Pack</Filter>
    </Image>
    <Image Include="Resource Files\Assets\Urban_RPG_Pack\tile_0282.png">
      <Filter>Resource Files\Assets\Urban_RPG_Pack</Filter>
    </Image>
    <Image Include="Resource Files\Assets\Urban_RPG_Pack\tile_0283.png">
      <Filter>Resource Files\Assets\Urban_RPG_Pack</Filter>
    </Image>
    <Image Include="Resource Files\Assets\Urban_RPG_Pack\tile_0284.png">
      <Filter>Resource Files\Assets\Urban_RPG_Pack</Filter>
    </Image>
    <Image Include="Resource Files\Assets\Urban_RPG_Pack\tile_0285.png">
      <Filter>Resource Files\Assets\Urban_RPG_Pack</Filter>
    </Image>
    <Image Include="Resource Files\Assets\Urban_RPG_Pack\tile_0286.png">
      <Filter>Resource Files\Assets\Urban_RPG_Pack</Filter>
    </Image>
    <Image Include="Resource Files\Assets\Urban_RPG_Pack\tile_0287.png">
      <Filter>Resource Files\Assets\Urban_RPG_Pack</Filter>
    </Image>
    <Image Include="Resource Files\Assets\Urban_RPG_Pack\tile_0288.png">
      <Filter>Resource Files\Assets\Urban_RPG_Pack</Filter>
    </Image>
    <Image Include="Resource Files\Assets\Urban_RPG_Pack\tile_0289.png">
      <Filter>Resource Files\Assets\Urban_RPG_Pack</Filter>
    </Image>
    <Image Include="Resource Files\Assets\Urban_RPG_Pack\tile_0290.png">
      <Filter>Resource Files\Assets\Urban_RPG_Pack</Filter>
    </Image>
    <Image Include="Resource Files\Assets\Urban_RPG_Pack\tile_0291.png">
      <Filter>Resource Files\Assets\Urban_RPG_Pack</Filter>
    </Image>
    <Image Include="Resource Files\Assets\Urban_RPG_Pack\tile_0292.png">
      <Filter>Resource Files\Assets\Urban_RPG_Pack</Filter>
    </Image>
    <Image Include="Resource Files\Assets\Urban_RPG_Pack\tile_0293.png">
      <Filter>Resource Files\Assets\Urban_RPG_Pack</Filter>
    </Image>
    <Image Include="Resource Files\Assets\Urban_RPG_Pack\tile_0294.png">
      <Filter>Resource Files\Assets\Urban_RPG_Pack</Filter>
    </Image>
    <Image Include="Resource Files\Assets\Urban_RPG_Pack\tile_0295.png">
      <Filter>Resource Files\Assets\Urban_RPG_Pack</Filter>
    </Image>
    <Image Include="Resource Files\Assets\Urban_RPG_Pack\tile_0296.png">
      <Filter>Resource Files\Assets\Urban_RPG_Pack</Filter>
    </Image>
    <Image Include="Resource Files\Assets\Urban_RPG_Pack\tile_0297.png">
      <Filter>Resource Files\Assets\Urban_RPG_Pack</Filter>
    </Image>
    <Image Include="Resource Files\Assets\Urban_RPG_Pack\tile_0298.png">
      <Filter>Resource Files\Assets\Urban_RPG_Pack</Filter>
    </Image>
    <Image Include="Resource Files\Assets\Urban_RPG_Pack\tile_0299.png">
      <Filter>Resource Files\Assets\Urban_RPG_Pack</Filter>
    </Image>
    <Image Include="Resource Files\Assets\Urban_RPG_Pack\tile_0300.png">
      <Filter>Resource Files\Assets\Urban_RPG_Pack</Filter>
    </Image>
    <Image Include="Resource Files\Assets\Urban_RPG_Pack\tile_0301.png">
      <Filter>Resource Files\Assets\Urban_RPG_Pack</Filter>
    </Image>
    <Image Include="Resource Files\Assets\Urban_RPG_Pack\tile_0302.png">
      <Filter>Resource Files\Assets\Urban_RPG_Pack</Filter>
    </Image>
    <Image Include="Resource Files\Assets\Urban_RPG_Pack\tile_0303.png">
      <Filter>Resource Files\Assets\Urban_RPG_Pack</Filter>
    </Image>
    <Image Include="Resource Files\Assets\Urban_RPG_Pack\tile_0304.png">
      <Filter>Resource Files\Assets\Urban_RPG_Pack</Filter>
    </Image>
    <Image Include="Resource Files\Assets\Urban_RPG_Pack\tile_0305.png">
      <Filter>Resource Files\Assets\Urban_RPG_Pack</Filter>
    </Image>
    <Image Include="Resource Files\Assets\Urban_RPG_Pack\tile_0306.png">
      <Filter>Resource Files\Assets\Urban_RPG_Pack</Filter>
    </Image>
    <Image Include="Resource Files\Assets\Urban_RPG_Pack\tile_0307.png">
      <Filter>Resource Files\Assets\Urban_RPG_Pack</Filter>
    </Image>
    <Image Include="Resource Files\Assets\Urban_RPG_Pack\tile_0308.png">
      <Filter>Resource Files\Assets\Urban_RPG_Pack</Filter>
    </Image>
    <Image Include="Resource Files\Assets\Urban_RPG_Pack\tile_0309.png">
      <Filter>Resource Files\Assets\Urban_RPG_Pack</Filter>
    </Image>
    <Image Include="Resource Files\Assets\Urban_RPG_Pack\tile_0310.png">
      <Filter>Resource Files\Assets\Urban_RPG_Pack</Filter>
    </Image>
    <Image Include="Resource Files\Assets\Urban_RPG_Pack\tile_0311.png">
      <Filter>Resource Files\Assets\Urban_RPG_Pack</Filter>
    </Image>
    <Image Include="Resource Files\Assets\Urban_RPG_Pack\tile_0312.png">
      <Filter>Resource Files\Assets\Urban_RPG_Pack</Filter>
    </Image>
    <Image Include="Resource Files\Assets\Urban_RPG_Pack\tile_0313.png">
      <Filter>Resource Files\Assets\Urban_RPG_Pack</Filter>
    </Image>
    <Image Include="Resource Files\Assets\Urban_RPG_Pack\tile_0314.png">
      <Filter>Resource Files\Assets\Urban_RPG_Pack</Filter>
    </Image>
    <Image Include="Resource Files\Assets\Urban_RPG_Pack\tile_0315.png">
      <Filter>Resource Files\Assets\Urban_RPG_Pack</Filter>
    </Image>
    <Image Include="Resource Files\Assets\Urban_RPG_Pack\tile_0316.png">
      <Filter>Resource Files\Assets\Urban_RPG_Pack</Filter>
    </Image>
    <Image Include="Resource Files\Assets\Urban_RPG_Pack\tile_0317.png">
      <Filter>Resource Files\Assets\Urban_RPG_Pack</Filter>
    </Image>
    <Image Include="Resource Files\Assets\Urban_RPG_Pack\tile_0318.png">
      <Filter>Resource Files\Assets\Urban_RPG_Pack</Filter>
    </Image>
    <Image Include="Resource Files\Assets\Urban_RPG_Pack\tile_0319.png">
      <Filter>Resource Files\Assets\Urban_RPG_Pack</Filter>
    </Image>
    <Image Include="Resource Files\Assets\Urban_RPG_Pack\tile_0320.png">
      <Filter>Resource Files\Assets\Urban_RPG_Pack</Filter>
    </Image>
    <Image Include="Resource Files\Assets\Urban_RPG_Pack\tile_0321.png">
      <Filter>Resource Files\Assets\Urban_RPG_Pack</Filter>
    </Image>
    <Image Include="Resource Files\Assets\Urban_RPG_Pack\tile_0322.png">
      <Filter>Resource Files\Assets\Urban_RPG_Pack</Filter>
    </Image>
    <Image Include="Resource Files\Assets\Urban_RPG_Pack\tile_0323.png">
      <Filter>Resource Files\Assets\Urban_RPG_Pack</Filter>
    </Image>
    <Image Include="Resource Files\Assets\Urban_RPG_Pack\tile_0324.png">
      <Filter>Resource Files\Assets\Urban_RPG_Pack</Filter>
    </Image>
    <Image Include="Resource Files\Assets\Urban_RPG_Pack\tile_0325.png">
      <Filter>Resource Files\Assets\Urban_RPG_Pack</Filter>
    </Image>
    <Image Include="Resource Files\Assets\Urban_RPG_Pack\tile_0326.png">
      <Filter>Resource Files\Assets\Urban_RPG_Pack</Filter>
    </Image>
    <Image Include="Resource Files\Assets\Urban_RPG_Pack\tile_0327.png">
      <Filter>Resource Files\Assets\Urban_RPG_Pack</Filter>
    </Image>
    <Image Include="Resource Files\Assets\Urban_RPG_Pack\tile_0328.png">
      <Filter>Resource Files\Assets\Urban_RPG_Pack</Filter>
    </Image>
    <Image Include="Resource Files\Assets\Urban_RPG_Pack\tile_0329.png">
      <Filter>Resource Files\Assets\Urban_RPG_Pack</Filter>
    </Image>
    <Image Include="Resource Files\Assets\Urban_RPG_Pack\tile_0330.png">
      <Filter>Resource Files\Assets\Urban_RPG_Pack</Filter>
    </Image>
    <Image Include="Resource Files\Assets\Urban_RPG_Pack\tile_0331.png">
      <Filter>Resource Files\Assets\Urban_RPG_Pack</Filter>
    </Image>
    <Image Include="Resource Files\Assets\Urban_RPG_Pack\tile_0332.png">
      <Filter>Resource Files\Assets\Urban_RPG_Pack</Filter>
    </Image>
    <Image Include="Resource Files\Assets\Urban_RPG_Pack\tile_0333.png">
      <Filter>Resource Files\Assets\Urban_RPG_Pack</Filter>
    </Image>
    <Image Include="Resource Files\Assets\Urban_RPG_Pack\tile_0334.png">
      <Filter>Resource Files\Assets\Urban_RPG_Pack</Filter>
    </Image>
    <Image Include="Resource Files\Assets\Urban_RPG_Pack\tile_0335.png">
      <Filter>Resource Files\Assets\Urban_RPG_Pack</Filter>
    </Image>
    <Image Include="Resource Files\Assets\Urban_RPG_Pack\tile_0336.png">
      <Filter>Resource Files\Assets\Urban_RPG_Pack</Filter>
    </Image>
    <Image Include="Resource Files\Assets\Urban_RPG_Pack\tile_0337.png">
      <Filter>Resource Files\Assets\Urban_RPG_Pack</Filter>
    </Image>
    <Image Include="Resource Files\Assets\Urban_RPG_Pack\tile_0338.png">
      <Filter>Resource Files\Assets\Urban_RPG_Pack</Filter>
    </Image>
    <Image Include="Resource Files\Assets\Urban_RPG_Pack\tile_0339.png">
      <Filter>Resource Files\Assets\Urban_RPG_Pack</Filter>
    </Image>
    <Image Include="Resource Files\Assets\Urban_RPG_Pack\tile_0340.png">
      <Filter>Resource Files\Assets\Urban_RPG_Pack</Filter>
    </Image>
    <Image Include="Resource Files\Assets\Urban_RPG_Pack\tile_0341.png">
      <Filter>Resource Files\Assets\Urban_RPG_Pack</Filter>
    </Image>
    <Image Include="Resource Files\Assets\Urban_RPG_Pack\tile_0342.png">
      <Filter>Resource Files\Assets\Urban_RPG_Pack</Filter>
    </Image>
    <Image Include="Resource Files\Assets\Urban_RPG_Pack\tile_0343.png">
      <Filter>Resource Files\Assets\Urban_RPG_Pack</Filter>
    </Image>
    <Image Include="Resource Files\Assets\Urban_RPG_Pack\tile_0344.png">
      <Filter>Resource Files\Assets\Urban_RPG_Pack</Filter>
    </Image>
    <Image Include="Resource Files\Assets\Urban_RPG_Pack\tile_0345.png">
      <Filter>Resource Files\Assets\Urban_RPG_Pack</Filter>
    </Image>
    <Image Include="Resource Files\Assets\Urban_RPG_Pack\tile_0346.png">
      <Filter>Resource Files\Assets\Urban_RPG_Pack</Filter>
    </Image>
    <Image Include="Resource Files\Assets\Urban_RPG_Pack\tile_0347.png">
      <Filter>Resource Files\Assets\Urban_RPG_Pack</Filter>
    </Image>
    <Image Include="Resource Files\Assets\Urban_RPG_Pack\tile_0348.png">
      <Filter>Resource Files\Assets\Urban_RPG_Pack</Filter>
    </Image>
    <Image Include="Resource Files\Assets\Urban_RPG_Pack\tile_0349.png">
      <Filter>Resource Files\Assets\Urban_RPG_Pack</Filter>
    </Image>
    <Image Include="Resource Files\Assets\Urban_RPG_Pack\tile_0350.png">
      <Filter>Resource Files\Assets\Urban_RPG_Pack</Filter>
    </Image>
    <Image Include="Resource Files\Assets\Urban_RPG_Pack\tile_0351.png">
      <Filter>Resource Files\Assets\Urban_RPG_Pack</Filter>
    </Image>
    <Image Include="Resource Files\Assets\Urban_RPG_Pack\tile_0352.png">
      <Filter>Resource Files\Assets\Urban_RPG_Pack</Filter>
    </Image>
    <Image Include="Resource Files\Assets\Urban_RPG_Pack\tile_0353.png">
      <Filter>Resource Files\Assets\Urban_RPG_Pack</Filter>
    </Image>
    <Image Include="Resource Files\Assets\Urban_RPG_Pack\tile_0354.png">
      <Filter>Resource Files\Assets\Urban_RPG_Pack</Filter>
    </Image>
    <Image Include="Resource Files\Assets\Urban_RPG_Pack\tile_0355.png">
      <Filter>Resource Files\Assets\Urban_RPG_Pack</Filter>
    </Image>
    <Image Include="Resource Files\Assets\Urban_RPG_Pack\tile_0356.png">
      <Filter>Resource Files\Assets\Urban_RPG_Pack</Filter>
    </Image>
    <Image Include="Resource Files\Assets\Urban_RPG_Pack\tile_0357.png">
      <Filter>Resource Files\Assets\Urban_RPG_Pack</Filter>
    </Image>
    <Image Include="Resource Files\Assets\Urban_RPG_Pack\tile_0358.png">
      <Filter>Resource Files\Assets\Urban_RPG_Pack</Filter>
    </Image>
    <Image Include="Resource Files\Assets\Urban_RPG_Pack\tile_0359.png">
      <Filter>Resource Files\Assets\Urban_RPG_Pack</Filter>
    </Image>
    <Image Include="Resource Files\Assets\Urban_RPG_Pack\tile_0360.png">
      <Filter>Resource Files\Assets\Urban_RPG_Pack</Filter>
    </Image>
    <Image Include="Resource Files\Assets\Urban_RPG_Pack\tile_0361.png">
      <Filter>Resource Files\Assets\Urban_RPG_Pack</Filter>
    </Image>
    <Image Include="Resource Files\Assets\Urban_RPG_Pack\tile_0362.png">
      <Filter>Resource Files\Assets\Urban_RPG_Pack</Filter>
    </Image>
    <Image Include="Resource Files\Assets\Urban_RPG_Pack\tile_0363.png">
      <Filter>Resource Files\Assets\Urban_RPG_Pack</Filter>
    </Image>
    <Image Include="Resource Files\Assets\Urban_RPG_Pack\tile_0364.png">
      <Filter>Resource Files\Assets\Urban_RPG_Pack</Filter>
    </Image>
    <Image Include="Resource Files\Assets\Urban_RPG_Pack\tile_0365.png">
      <Filter>Resource Files\Assets\Urban_RPG_Pack</Filter>
    </Image>
    <Image Include="Resource Files\Assets\Urban_RPG_Pack\tile_0366.png">
      <Filter>Resource Files\Assets\Urban_RPG_Pack</Filter>
    </Image>
    <Image Include="Resource Files\Assets\Urban_RPG_Pack\tile_0367.png">
      <Filter>Resource Files\Assets\Urban_RPG_Pack</Filter>
    </Image>
    <Image Include="Resource Files\Assets\Urban_RPG_Pack\tile_0368.png">
      <Filter>Resource Files\Assets\Urban_RPG_Pack</Filter>
    </Image>
    <Image Include="Resource Files\Assets\Urban_RPG_Pack\tile_0369.png">
      <Filter>Resource Files\Assets\Urban_RPG_Pack</Filter>
    </Image>
    <Image Include="Resource Files\Assets\Urban_RPG_Pack\tile_0370.png">
      <Filter>Resource Files\Assets\Urban_RPG_Pack</Filter>
    </Image>
    <Image Include="Resource Files\Assets\Urban_RPG_Pack\tile_0371.png">
      <Filter>Resource Files\Assets\Urban_RPG_Pack</Filter>
    </Image>
    <Image Include="Resource Files\Assets\Urban_RPG_Pack\tile_0372.png">
      <Filter>Resource Files\Assets\Urban_RPG_Pack</Filter>
    </Image>
    <Image Include="Resource Files\Assets\Urban_RPG_Pack\tile_0373.png">
      <Filter>Resource Files\Assets\Urban_RPG_Pack</Filter>
    </Image>
    <Image Include="Resource Files\Assets\Urban_RPG_Pack\tile_0374.png">
      <Filter>Resource Files\Assets\Urban_RPG_Pack</Filter>
    </Image>
    <Image Include="Resource Files\Assets\Urban_RPG_Pack\tile_0375.png">
      <Filter>Resource Files\Assets\Urban_RPG_Pack</Filter>
    </Image>
    <Image Include="Resource Files\Assets\Urban_RPG_Pack\tile_0376.png">
      <Filter>Resource Files\Assets\Urban_RPG_Pack</Filter>
    </Image>
    <Image Include="Resource Files\Assets\Urban_RPG_Pack\tile_0377.png">
      <Filter>Resource Files\Assets\Urban_RPG_Pack</Filter>
    </Image>
    <Image Include="Resource Files\Assets\Urban_RPG_Pack\tile_0378.png">
      <Filter>Resource Files\Assets\Urban_RPG_Pack</Filter>
    </Image>
    <Image Include="Resource Files\Assets\Urban_RPG_Pack\tile_0379.png">
      <Filter>Resource Files\Assets\Urban_RPG_Pack</Filter>
    </Image>
    <Image Include="Resource Files\Assets\Urban_RPG_Pack\tile_0380.png">
      <Filter>Resource Files\Assets\Urban_RPG_Pack</Filter>
    </Image>
    <Image Include="Resource Files\Assets\Urban_RPG_Pack\tile_0381.png">
      <Filter>Resource Files\Assets\Urban_RPG_Pack</Filter>
    </Image>
    <Image Include="Resource Files\Assets\Urban_RPG_Pack\tile_0382.png">
      <Filter>Resource Files\Assets\Urban_RPG_Pack</Filter>
    </Image>
    <Image Include="Resource Files\Assets\Urban_RPG_Pack\tile_0383.png">
      <Filter>Resource Files\Assets\Urban_RPG_Pack</Filter>
    </Image>
    <Image Include="Resource Files\Assets\Urban_RPG_Pack\tile_0384.png">
      <Filter>Resource Files\Assets\Urban_RPG_Pack</Filter>
    </Image>
    <Image Include="Resource Files\Assets\Urban_RPG_Pack\tile_0385.png">
      <Filter>Resource Files\Assets\Urban_RPG_Pack</Filter>
    </Image>
    <Image Include="Resource Files\Assets\Urban_RPG_Pack\tile_0386.png">
      <Filter>Resource Files\Assets\Urban_RPG_Pack</Filter>
    </Image>
    <Image Include="Resource Files\Assets\Urban_RPG_Pack\tile_0387.png">
      <Filter>Resource Files\Assets\Urban_RPG_Pack</Filter>
    </Image>
    <Image Include="Resource Files\Assets\Urban_RPG_Pack\tile_0388.png">
      <Filter>Resource Files\Assets\Urban_RPG_Pack</Filter>
    </Image>
    <Image Include="Resource Files\Assets\Urban_RPG_Pack\tile_0389.png">
      <Filter>Resource Files\Assets\Urban_RPG_Pack</Filter>
    </Image>
    <Image Include="Resource Files\Assets\Urban_RPG_Pack\tile_0390.png">
      <Filter>Resource Files\Assets\Urban_RPG_Pack</Filter>
    </Image>
    <Image Include="Resource Files\Assets\Urban_RPG_Pack\tile_0391.png">
      <Filter>Resource Files\Assets\Urban_RPG_Pack</Filter>
    </Image>
    <Image Include="Resource Files\Assets\Urban_RPG_Pack\tile_0392.png">
      <Filter>Resource Files\Assets\Urban_RPG_Pack</Filter>
    </Image>
    <Image Include="Resource Files\Assets\Urban_RPG_Pack\tile_0393.png">
      <Filter>Resource Files\Assets\Urban_RPG_Pack</Filter>
    </Image>
    <Image Include="Resource Files\Assets\Urban_RPG_Pack\tile_0394.png">
      <Filter>Resource Files\Assets\Urban_RPG_Pack</Filter>
    </Image>
    <Image Include="Resource Files\Assets\Urban_RPG_Pack\tile_0395.png">
      <Filter>Resource Files\Assets\Urban_RPG_Pack</Filter>
    </Image>
    <Image Include="Resource Files\Assets\Urban_RPG_Pack\tile_0396.png">
      <Filter>Resource Files\Assets\Urban_RPG_Pack</Filter>
    </Image>
    <Image Include="Resource Files\Assets\Urban_RPG_Pack\tile_0397.png">
      <Filter>Resource Files\Assets\Urban_RPG_Pack</Filter>
    </Image>
    <Image Include="Resource Files\Assets\Urban_RPG_Pack\tile_0398.png">
      <Filter>Resource Files\Assets\Urban_RPG_Pack</Filter>
    </Image>
    <Image Include="Resource Files\Assets\Urban_RPG_Pack\tile_0399.png">
      <Filter>Resource Files\Assets\Urban_RPG_Pack</Filter>
    </Image>
    <Image Include="Resource Files\Assets\Urban_RPG_Pack\tile_0400.png">
      <Filter>Resource Files\Assets\Urban_RPG_Pack</Filter>
    </Image>
    <Image Include="Resource Files\Assets\Urban_RPG_Pack\tile_0401.png">
      <Filter>Resource Files\Assets\Urban_RPG_Pack</Filter>
    </Image>
    <Image Include="Resource Files\Assets\Urban_RPG_Pack\tile_0402.png">
      <Filter>Resource Files\Assets\Urban_RPG_Pack</Filter>
    </Image>
    <Image Include="Resource Files\Assets\Urban_RPG_Pack\tile_0403.png">
      <Filter>Resource Files\Assets\Urban_RPG_Pack</Filter>
    </Image>
    <Image Include="Resource Files\Assets\Urban_RPG_Pack\tile_0404.png">
      <Filter>Resource Files\Assets\Urban_RPG_Pack</Filter>
    </Image>
    <Image Include="Resource Files\Assets\Urban_RPG_Pack\tile_0405.png">
      <Filter>Resource Files\Assets\Urban_RPG_Pack</Filter>
    </Image>
    <Image Include="Resource Files\Assets\Urban_RPG_Pack\tile_0406.png">
      <Filter>Resource Files\Assets\Urban_RPG_Pack</Filter>
    </Image>
    <Image Include="Resource Files\Assets\Urban_RPG_Pack\tile_0407.png">
      <Filter>Resource Files\Assets\Urban_RPG_Pack</Filter>
    </Image>
    <Image Include="Resource Files\Assets\Urban_RPG_Pack\tile_0408.png">
      <Filter>Resource Files\Assets\Urban_RPG_Pack</Filter>
    </Image>
    <Image Include="Resource Files\Assets\Urban_RPG_Pack\tile_0409.png">
      <Filter>Resource Files\Assets\Urban_RPG_Pack</Filter>
    </Image>
    <Image Include="Resource Files\Assets\Urban_RPG_Pack\tile_0410.png">
      <Filter>Resource Files\Assets\Urban_RPG_Pack</Filter>
    </Image>
    <Image Include="Resource Files\Assets\Urban_RPG_Pack\tile_0411.png">
      <Filter>Resource Files\Assets\Urban_RPG_Pack</Filter>
    </Image>
    <Image Include="Resource Files\Assets\Urban_RPG_Pack\tile_0412.png">
      <Filter>Resource Files\Assets\Urban_RPG_Pack</Filter>
    </Image>
    <Image Include="Resource Files\Assets\Urban_RPG_Pack\tile_0413.png">
      <Filter>Resource Files\Assets\Urban_RPG_Pack</Filter>
    </Image>
    <Image Include="Resource Files\Assets\Urban_RPG_Pack\tile_0414.png">
      <Filter>Resource Files\Assets\Urban_RPG_Pack</Filter>
    </Image>
    <Image Include="Resource Files\Assets\Urban_RPG_Pack\tile_0415.png">
      <Filter>Resource Files\Assets\Urban_RPG_Pack</Filter>
    </Image>
    <Image Include="Resource Files\Assets\Urban_RPG_Pack\tile_0416.png">
      <Filter>Resource Files\Assets\Urban_RPG_Pack</Filter>
    </Image>
    <Image Include="Resource Files\Assets\Urban_RPG_Pack\tile_0417.png">
      <Filter>Resource Files\Assets\Urban_RPG_Pack</Filter>
    </Image>
    <Image Include="Resource Files\Assets\Urban_RPG_Pack\tile_0418.png">
      <Filter>Resource Files\Assets\Urban_RPG_Pack</Filter>
    </Image>
    <Image Include="Resource Files\Assets\Urban_RPG_Pack\tile_0419.png">
      <Filter>Resource Files\Assets\Urban_RPG_Pack</Filter>
    </Image>
    <Image Include="Resource Files\Assets\Urban_RPG_Pack\tile_0420.png">
      <Filter>Resource Files\Assets\Urban_RPG_Pack</Filter>
    </Image>
    <Image Include="Resource Files\Assets\Urban_RPG_Pack\tile_0421.png">
      <Filter>Resource Files\Assets\Urban_RPG_Pack</Filter>
    </Image>
    <Image Include="Resource Files\Assets\Urban_RPG_Pack\tile_0422.png">
      <Filter>Resource Files\Assets\Urban_RPG_Pack</Filter>
    </Image>
    <Image Include="Resource Files\Assets\Urban_RPG_Pack\tile_0423.png">
      <Filter>Resource Files\Assets\Urban_RPG_Pack</Filter>
    </Image>
    <Image Include="Resource Files\Assets\Urban_RPG_Pack\tile_0424.png">
      <Filter>Resource Files\Assets\Urban_RPG_Pack</Filter>
    </Image>
    <Image Include="Resource Files\Assets\Urban_RPG_Pack\tile_0425.png">
      <Filter>Resource Files\Assets\Urban_RPG_Pack</Filter>
    </Image>
    <Image Include="Resource Files\Assets\Urban_RPG_Pack\tile_0426.png">
      <Filter>Resource Files\Assets\Urban_RPG_Pack</Filter>
    </Image>
    <Image Include="Resource Files\Assets\Urban_RPG_Pack\tile_0427.png">
      <Filter>Resource Files\Assets\Urban_RPG_Pack</Filter>
    </Image>
    <Image Include="Resource Files\Assets\Urban_RPG_Pack\tile_0428.png">
      <Filter>Resource Files\Assets\Urban_RPG_Pack</Filter>
    </Image>
    <Image Include="Resource Files\Assets\Urban_RPG_Pack\tile_0429.png">
      <Filter>Resource Files\Assets\Urban_RPG_Pack</Filter>
    </Image>
    <Image Include="Resource Files\Assets\Urban_RPG_Pack\tile_0430.png">
      <Filter>Resource Files\Assets\Urban_RPG_Pack</Filter>
    </Image>
    <Image Include="Resource Files\Assets\Urban_RPG_Pack\tile_0431.png">
      <Filter>Resource Files\Assets\Urban_RPG_Pack</Filter>
    </Image>
    <Image Include="Resource Files\Assets\Urban_RPG_Pack\tile_0432.png">
      <Filter>Resource Files\Assets\Urban_RPG_Pack</Filter>
    </Image>
    <Image Include="Resource Files\Assets\Urban_RPG_Pack\tile_0433.png">
      <Filter>Resource Files\Assets\Urban_RPG_Pack</Filter>
    </Image>
    <Image Include="Resource Files\Assets\Urban_RPG_Pack\tile_0434.png">
      <Filter>Resource Files\Assets\Urban_RPG_Pack</Filter>
    </Image>
    <Image Include="Resource Files\Assets\Urban_RPG_Pack\tile_0435.png">
      <Filter>Resource Files\Assets\Urban_RPG_Pack</Filter>
    </Image>
    <Image Include="Resource Files\Assets\Urban_RPG_Pack\tile_0436.png">
      <Filter>Resource Files\Assets\Urban_RPG_Pack</Filter>
    </Image>
    <Image Include="Resource Files\Assets\Urban_RPG_Pack\tile_0437.png">
      <Filter>Resource Files\Assets\Urban_RPG_Pack</Filter>
    </Image>
    <Image Include="Resource Files\Assets\Urban_RPG_Pack\tile_0438.png">
      <Filter>Resource Files\Assets\Urban_RPG_Pack</Filter>
    </Image>
    <Image Include="Resource Files\Assets\Urban_RPG_Pack\tile_0439.png">
      <Filter>Resource Files\Assets\Urban_RPG_Pack</Filter>
    </Image>
    <Image Include="Resource Files\Assets\Urban_RPG_Pack\tile_0440.png">
      <Filter>Resource Files\Assets\Urban_RPG_Pack</Filter>
    </Image>
    <Image Include="Resource Files\Assets\Urban_RPG_Pack\tile_0441.png">
      <Filter>Resource Files\Assets\Urban_RPG_Pack</Filter>
    </Image>
    <Image Include="Resource Files\Assets\Urban_RPG_Pack\tile_0442.png">
      <Filter>Resource Files\Assets\Urban_RPG_Pack</Filter>
    </Image>
    <Image Include="Resource Files\Assets\Urban_RPG_Pack\tile_0443.png">
      <Filter>Resource Files\Assets\Urban_RPG_Pack</Filter>
    </Image>
    <Image Include="Resource Files\Assets\Urban_RPG_Pack\tile_0444.png">
      <Filter>Resource Files\Assets\Urban_RPG_Pack</Filter>
    </Image>
    <Image Include="Resource Files\Assets\Urban_RPG_Pack\tile_0445.png">
      <Filter>Resource Files\Assets\Urban_RPG_Pack</Filter>
    </Image>
    <Image Include="Resource Files\Assets\Urban_RPG_Pack\tile_0446.png">
      <Filter>Resource Files\Assets\Urban_RPG_Pack</Filter>
    </Image>
    <Image Include="Resource Files\Assets\Urban_RPG_Pack\tile_0447.png">
      <Filter>Resource Files\Assets\Urban_RPG_Pack</Filter>
    </Image>
    <Image Include="Resource Files\Assets\Urban_RPG_Pack\tile_0448.png">
      <Filter>Resource Files\Assets\Urban_RPG_Pack</Filter>
    </Image>
    <Image Include="Resource Files\Assets\Urban_RPG_Pack\tile_0449.png">
      <Filter>Resource Files\Assets\Urban_RPG_Pack</Filter>
    </Image>
    <Image Include="Resource Files\Assets\Urban_RPG_Pack\tile_0450.png">
      <Filter>Resource Files\Assets\Urban_RPG_Pack</Filter>
    </Image>
    <Image Include="Resource Files\Assets\Urban_RPG_Pack\tile_0451.png">
      <Filter>Resource Files\Assets\Urban_RPG_Pack</Filter>
    </Image>
    <Image Include="Resource Files\Assets\Urban_RPG_Pack\tile_0452.png">
      <Filter>Resource Files\Assets\Urban_RPG_Pack</Filter>
    </Image>
    <Image Include="Resource Files\Assets\Urban_RPG_Pack\tile_0453.png">
      <Filter>Resource Files\Assets\Urban_RPG_Pack</Filter>
    </Image>
    <Image Include="Resource Files\Assets\Urban_RPG_Pack\tile_0454.png">
      <Filter>Resource Files\Assets\Urban_RPG_Pack</Filter>
    </Image>
    <Image Include="Resource Files\Assets\Urban_RPG_Pack\tile_0455.png">
      <Filter>Resource Files\Assets\Urban_RPG_Pack</Filter>
    </Image>
    <Image Include="Resource Files\Assets\Urban_RPG_Pack\tile_0456.png">
      <Filter>Resource Files\Assets\Urban_RPG_Pack</Filter>
    </Image>
    <Image Include="Resource Files\Assets\Urban_RPG_Pack\tile_0457.png">
      <Filter>Resource Files\Assets\Urban_RPG_Pack</Filter>
    </Image>
    <Image Include="Resource Files\Assets\Urban_RPG_Pack\tile_0458.png">
      <Filter>Resource Files\Assets\Urban_RPG_Pack</Filter>
    </Image>
    <Image Include="Resource Files\Assets\Urban_RPG_Pack\tile_0459.png">
      <Filter>Resource Files\Assets\Urban_RPG_Pack</Filter>
    </Image>
    <Image Include="Resource Files\Assets\Urban_RPG_Pack\tile_0460.png">
      <Filter>Resource Files\Assets\Urban_RPG_Pack</Filter>
    </Image>
    <Image Include="Resource Files\Assets\Urban_RPG_Pack\tile_0461.png">
      <Filter>Resource Files\Assets\Urban_RPG_Pack</Filter>
    </Image>
    <Image Include="Resource Files\Assets\Urban_RPG_Pack\tile_0462.png">
      <Filter>Resource Files\Assets\Urban_RPG_Pack</Filter>
    </Image>
    <Image Include="Resource Files\Assets\Urban_RPG_Pack\tile_0463.png">
      <Filter>Resource Files\Assets\Urban_RPG_Pack</Filter>
    </Image>
    <Image Include="Resource Files\Assets\Urban_RPG_Pack\tile_0464.png">
      <Filter>Resource Files\Assets\Urban_RPG_Pack</Filter>
    </Image>
    <Image Include="Resource Files\Assets\Urban_RPG_Pack\tile_0465.png">
      <Filter>Resource Files\Assets\Urban_RPG_Pack</Filter>
    </Image>
    <Image Include="Resource Files\Assets\Urban_RPG_Pack\tile_0466.png">
      <Filter>Resource Files\Assets\Urban_RPG_Pack</Filter>
    </Image>
    <Image Include="Resource Files\Assets\Urban_RPG_Pack\tile_0467.png">
      <Filter>Resource Files\Assets\Urban_RPG_Pack</Filter>
    </Image>
    <Image Include="Resource Files\Assets\Urban_RPG_Pack\tile_0468.png">
      <Filter>Resource Files\Assets\Urban_RPG_Pack</Filter>
    </Image>
    <Image Include="Resource Files\Assets\Urban_RPG_Pack\tile_0469.png">
      <Filter>Resource Files\Assets\Urban_RPG_Pack</Filter>
    </Image>
    <Image Include="Resource Files\Assets\Urban_RPG_Pack\tile_0470.png">
      <Filter>Resource Files\Assets\Urban_RPG_Pack</Filter>
    </Image>
    <Image Include="Resource Files\Assets\Urban_RPG_Pack\tile_0471.png">
      <Filter>Resource Files\Assets\Urban_RPG_Pack</Filter>
    </Image>
    <Image Include="Resource Files\Assets\Urban_RPG_Pack\tile_0472.png">
      <Filter>Resource Files\Assets\Urban_RPG_Pack</Filter>
    </Image>
    <Image Include="Resource Files\Assets\Urban_RPG_Pack\tile_0473.png">
      <Filter>Resource Files\Assets\Urban_RPG_Pack</Filter>
    </Image>
    <Image Include="Resource Files\Assets\Urban_RPG_Pack\tile_0474.png">
      <Filter>Resource Files\Assets\Urban_RPG_Pack</Filter>
    </Image>
    <Image Include="Resource Files\Assets\Urban_RPG_Pack\tile_0475.png">
      <Filter>Resource Files\Assets\Urban_RPG_Pack</Filter>
    </Image>
    <Image Include="Resource Files\Assets\Urban_RPG_Pack\tile_0476.png">
      <Filter>Resource Files\Assets\Urban_RPG_Pack</Filter>
    </Image>
    <Image Include="Resource Files\Assets\Urban_RPG_Pack\tile_0477.png">
      <Filter>Resource Files\Assets\Urban_RPG_Pack</Filter>
    </Image>
    <Image Include="Resource Files\Assets\Urban_RPG_Pack\tile_0478.png">
      <Filter>Resource Files\Assets\Urban_RPG_Pack</Filter>
    </Image>
    <Image Include="Resource Files\Assets\Urban_RPG_Pack\tile_0479.png">
      <Filter>Resource Files\Assets\Urban_RPG_Pack</Filter>
    </Image>
    <Image Include="Resource Files\Assets\Urban_RPG_Pack\tile_0480.png">
      <Filter>Resource Files\Assets\Urban_RPG_Pack</Filter>
    </Image>
    <Image Include="Resource Files\Assets\Urban_RPG_Pack\tile_0481.png">
      <Filter>Resource Files\Assets\Urban_RPG_Pack</Filter>
    </Image>
    <Image Include="Resource Files\Assets\Urban_RPG_Pack\tile_0482.png">
      <Filter>Resource Files\Assets\Urban_RPG_Pack</Filter>
    </Image>
    <Image Include="Resource Files\Assets\Urban_RPG_Pack\tile_0483.png">
      <Filter>Resource Files\Assets\Urban_RPG_Pack</Filter>
    </Image>
    <Image Include="Resource Files\Assets\Urban_RPG_Pack\tile_0484.png">
      <Filter>Resource Files\Assets\Urban_RPG_Pack</Filter>
    </Image>
    <Image Include="Resource Files\Assets\Urban_RPG_Pack\tile_0485.png">
      <Filter>Resource Files\Assets\Urban_RPG_Pack</Filter>
    </Image>
  </ItemGroup>
  <ItemGroup>
    <Font Include="..\..\..\..\Users\USER\Downloads\NanumGothic.ttf" />
  </ItemGroup>
</Project>